// !$*UTF8*$!
{
	archiveVersion = 1;
	classes = {
	};
	objectVersion = 46;
	objects = {

/* Begin PBXBuildFile section */
		114CF8DF1B1A2B1F00D809F0 /* LicenciamentoViewController.m in Sources */ = {isa = PBXBuildFile; fileRef = 114CF8DE1B1A2B1F00D809F0 /* LicenciamentoViewController.m */; };
		1179DA2C1B10ECC30013DF5C /* ResultCompVeiculoTableViewController.m in Sources */ = {isa = PBXBuildFile; fileRef = 1179DA2B1B10ECC30013DF5C /* ResultCompVeiculoTableViewController.m */; };
		117A0CAF1AE9E4470051CC29 /* main.m in Sources */ = {isa = PBXBuildFile; fileRef = 117A0CAE1AE9E4470051CC29 /* main.m */; };
		117A0CB21AE9E4470051CC29 /* AppDelegate.m in Sources */ = {isa = PBXBuildFile; fileRef = 117A0CB11AE9E4470051CC29 /* AppDelegate.m */; };
		117A0CB81AE9E4470051CC29 /* Main.storyboard in Resources */ = {isa = PBXBuildFile; fileRef = 117A0CB61AE9E4470051CC29 /* Main.storyboard */; };
		117A0CBA1AE9E4470051CC29 /* Images.xcassets in Resources */ = {isa = PBXBuildFile; fileRef = 117A0CB91AE9E4470051CC29 /* Images.xcassets */; };
		117A0CBD1AE9E4470051CC29 /* LaunchScreen.xib in Resources */ = {isa = PBXBuildFile; fileRef = 117A0CBB1AE9E4470051CC29 /* LaunchScreen.xib */; };
		117A0CC91AE9E44A0051CC29 /* My_Application_TestTests.m in Sources */ = {isa = PBXBuildFile; fileRef = 117A0CC81AE9E44A0051CC29 /* My_Application_TestTests.m */; };
		11B1A28B1AEFED3D002E0CE1 /* PrincipalTableViewController.m in Sources */ = {isa = PBXBuildFile; fileRef = 11B1A28A1AEFED3D002E0CE1 /* PrincipalTableViewController.m */; };
		11B1A28E1AEFF10A002E0CE1 /* HabilitacaoTableViewController.m in Sources */ = {isa = PBXBuildFile; fileRef = 11B1A28D1AEFF10A002E0CE1 /* HabilitacaoTableViewController.m */; };
		11B1A2911AEFF20B002E0CE1 /* VeiculoTableViewController.m in Sources */ = {isa = PBXBuildFile; fileRef = 11B1A2901AEFF20B002E0CE1 /* VeiculoTableViewController.m */; };
		11B1A2941AEFF21B002E0CE1 /* TransporteTableViewController.m in Sources */ = {isa = PBXBuildFile; fileRef = 11B1A2931AEFF21B002E0CE1 /* TransporteTableViewController.m */; };
		11B1A2971AEFF22B002E0CE1 /* FaleConoscoTableViewController.m in Sources */ = {isa = PBXBuildFile; fileRef = 11B1A2961AEFF22B002E0CE1 /* FaleConoscoTableViewController.m */; };
		11B1A29A1AF16104002E0CE1 /* ResultHabilitacaoTableViewController.m in Sources */ = {isa = PBXBuildFile; fileRef = 11B1A2991AF16104002E0CE1 /* ResultHabilitacaoTableViewController.m */; };
		11B1A29D1AF7B402002E0CE1 /* FormVeiculoTableViewController.m in Sources */ = {isa = PBXBuildFile; fileRef = 11B1A29C1AF7B402002E0CE1 /* FormVeiculoTableViewController.m */; };
		11FB29CA1B101662001AB60B /* ResultVeiculoTableViewController.m in Sources */ = {isa = PBXBuildFile; fileRef = 11FB29C91B101662001AB60B /* ResultVeiculoTableViewController.m */; };
		767222E395457A1AB86BB060 /* libPods.a in Frameworks */ = {isa = PBXBuildFile; fileRef = 27F52E59321165529CA714F4 /* libPods.a */; };
		81B4BD351B110CF7003106D4 /* DetranCell.xib in Resources */ = {isa = PBXBuildFile; fileRef = 81B4BD321B110CF7003106D4 /* DetranCell.xib */; };
		81B4BD361B110CF7003106D4 /* DetranCell.m in Sources */ = {isa = PBXBuildFile; fileRef = 81B4BD341B110CF7003106D4 /* DetranCell.m */; };
		81B4BD3C1B110D15003106D4 /* faleconosco.gif in Resources */ = {isa = PBXBuildFile; fileRef = 81B4BD371B110D15003106D4 /* faleconosco.gif */; };
		81B4BD3D1B110D15003106D4 /* transporte.gif in Resources */ = {isa = PBXBuildFile; fileRef = 81B4BD381B110D15003106D4 /* transporte.gif */; };
		81B4BD3E1B110D15003106D4 /* detran.jpg in Resources */ = {isa = PBXBuildFile; fileRef = 81B4BD391B110D15003106D4 /* detran.jpg */; };
		81B4BD3F1B110D15003106D4 /* veiculo.gif in Resources */ = {isa = PBXBuildFile; fileRef = 81B4BD3A1B110D15003106D4 /* veiculo.gif */; };
		81B4BD401B110D15003106D4 /* habilitacao.gif in Resources */ = {isa = PBXBuildFile; fileRef = 81B4BD3B1B110D15003106D4 /* habilitacao.gif */; };
		81B4BD421B110D9E003106D4 /* governo.png in Resources */ = {isa = PBXBuildFile; fileRef = 81B4BD411B110D9E003106D4 /* governo.png */; };
/* End PBXBuildFile section */

/* Begin PBXContainerItemProxy section */
		117A0CC31AE9E44A0051CC29 /* PBXContainerItemProxy */ = {
			isa = PBXContainerItemProxy;
			containerPortal = 117A0CA11AE9E4460051CC29 /* Project object */;
			proxyType = 1;
			remoteGlobalIDString = 117A0CA81AE9E4470051CC29;
			remoteInfo = "My Application Test";
		};
/* End PBXContainerItemProxy section */

/* Begin PBXFileReference section */
		114CF8DD1B1A2B1F00D809F0 /* LicenciamentoViewController.h */ = {isa = PBXFileReference; fileEncoding = 4; lastKnownFileType = sourcecode.c.h; path = LicenciamentoViewController.h; sourceTree = "<group>"; };
		114CF8DE1B1A2B1F00D809F0 /* LicenciamentoViewController.m */ = {isa = PBXFileReference; fileEncoding = 4; lastKnownFileType = sourcecode.c.objc; path = LicenciamentoViewController.m; sourceTree = "<group>"; };
		1179DA2A1B10ECC30013DF5C /* ResultCompVeiculoTableViewController.h */ = {isa = PBXFileReference; fileEncoding = 4; lastKnownFileType = sourcecode.c.h; path = ResultCompVeiculoTableViewController.h; sourceTree = "<group>"; };
		1179DA2B1B10ECC30013DF5C /* ResultCompVeiculoTableViewController.m */ = {isa = PBXFileReference; fileEncoding = 4; lastKnownFileType = sourcecode.c.objc; path = ResultCompVeiculoTableViewController.m; sourceTree = "<group>"; };
		117A0CA91AE9E4470051CC29 /* My Application Test.app */ = {isa = PBXFileReference; explicitFileType = wrapper.application; includeInIndex = 0; path = "My Application Test.app"; sourceTree = BUILT_PRODUCTS_DIR; };
		117A0CAD1AE9E4470051CC29 /* Info.plist */ = {isa = PBXFileReference; lastKnownFileType = text.plist.xml; path = Info.plist; sourceTree = "<group>"; };
		117A0CAE1AE9E4470051CC29 /* main.m */ = {isa = PBXFileReference; lastKnownFileType = sourcecode.c.objc; path = main.m; sourceTree = "<group>"; };
		117A0CB01AE9E4470051CC29 /* AppDelegate.h */ = {isa = PBXFileReference; lastKnownFileType = sourcecode.c.h; path = AppDelegate.h; sourceTree = "<group>"; };
		117A0CB11AE9E4470051CC29 /* AppDelegate.m */ = {isa = PBXFileReference; lastKnownFileType = sourcecode.c.objc; path = AppDelegate.m; sourceTree = "<group>"; };
		117A0CB71AE9E4470051CC29 /* Base */ = {isa = PBXFileReference; lastKnownFileType = file.storyboard; name = Base; path = Base.lproj/Main.storyboard; sourceTree = "<group>"; };
		117A0CB91AE9E4470051CC29 /* Images.xcassets */ = {isa = PBXFileReference; lastKnownFileType = folder.assetcatalog; path = Images.xcassets; sourceTree = "<group>"; };
		117A0CBC1AE9E4470051CC29 /* Base */ = {isa = PBXFileReference; lastKnownFileType = file.xib; name = Base; path = Base.lproj/LaunchScreen.xib; sourceTree = "<group>"; };
		117A0CC21AE9E44A0051CC29 /* My Application TestTests.xctest */ = {isa = PBXFileReference; explicitFileType = wrapper.cfbundle; includeInIndex = 0; path = "My Application TestTests.xctest"; sourceTree = BUILT_PRODUCTS_DIR; };
		117A0CC71AE9E44A0051CC29 /* Info.plist */ = {isa = PBXFileReference; lastKnownFileType = text.plist.xml; path = Info.plist; sourceTree = "<group>"; };
		117A0CC81AE9E44A0051CC29 /* My_Application_TestTests.m */ = {isa = PBXFileReference; lastKnownFileType = sourcecode.c.objc; path = My_Application_TestTests.m; sourceTree = "<group>"; };
		11B1A2891AEFED3D002E0CE1 /* PrincipalTableViewController.h */ = {isa = PBXFileReference; fileEncoding = 4; lastKnownFileType = sourcecode.c.h; path = PrincipalTableViewController.h; sourceTree = "<group>"; };
		11B1A28A1AEFED3D002E0CE1 /* PrincipalTableViewController.m */ = {isa = PBXFileReference; fileEncoding = 4; lastKnownFileType = sourcecode.c.objc; path = PrincipalTableViewController.m; sourceTree = "<group>"; };
		11B1A28C1AEFF10A002E0CE1 /* HabilitacaoTableViewController.h */ = {isa = PBXFileReference; fileEncoding = 4; lastKnownFileType = sourcecode.c.h; path = HabilitacaoTableViewController.h; sourceTree = "<group>"; };
		11B1A28D1AEFF10A002E0CE1 /* HabilitacaoTableViewController.m */ = {isa = PBXFileReference; fileEncoding = 4; lastKnownFileType = sourcecode.c.objc; path = HabilitacaoTableViewController.m; sourceTree = "<group>"; };
		11B1A28F1AEFF20B002E0CE1 /* VeiculoTableViewController.h */ = {isa = PBXFileReference; fileEncoding = 4; lastKnownFileType = sourcecode.c.h; path = VeiculoTableViewController.h; sourceTree = "<group>"; };
		11B1A2901AEFF20B002E0CE1 /* VeiculoTableViewController.m */ = {isa = PBXFileReference; fileEncoding = 4; lastKnownFileType = sourcecode.c.objc; path = VeiculoTableViewController.m; sourceTree = "<group>"; };
		11B1A2921AEFF21B002E0CE1 /* TransporteTableViewController.h */ = {isa = PBXFileReference; fileEncoding = 4; lastKnownFileType = sourcecode.c.h; path = TransporteTableViewController.h; sourceTree = "<group>"; };
		11B1A2931AEFF21B002E0CE1 /* TransporteTableViewController.m */ = {isa = PBXFileReference; fileEncoding = 4; lastKnownFileType = sourcecode.c.objc; path = TransporteTableViewController.m; sourceTree = "<group>"; };
		11B1A2951AEFF22B002E0CE1 /* FaleConoscoTableViewController.h */ = {isa = PBXFileReference; fileEncoding = 4; lastKnownFileType = sourcecode.c.h; path = FaleConoscoTableViewController.h; sourceTree = "<group>"; };
		11B1A2961AEFF22B002E0CE1 /* FaleConoscoTableViewController.m */ = {isa = PBXFileReference; fileEncoding = 4; lastKnownFileType = sourcecode.c.objc; path = FaleConoscoTableViewController.m; sourceTree = "<group>"; };
		11B1A2981AF16104002E0CE1 /* ResultHabilitacaoTableViewController.h */ = {isa = PBXFileReference; fileEncoding = 4; lastKnownFileType = sourcecode.c.h; path = ResultHabilitacaoTableViewController.h; sourceTree = "<group>"; };
		11B1A2991AF16104002E0CE1 /* ResultHabilitacaoTableViewController.m */ = {isa = PBXFileReference; fileEncoding = 4; lastKnownFileType = sourcecode.c.objc; path = ResultHabilitacaoTableViewController.m; sourceTree = "<group>"; };
		11B1A29B1AF7B402002E0CE1 /* FormVeiculoTableViewController.h */ = {isa = PBXFileReference; fileEncoding = 4; lastKnownFileType = sourcecode.c.h; path = FormVeiculoTableViewController.h; sourceTree = "<group>"; };
		11B1A29C1AF7B402002E0CE1 /* FormVeiculoTableViewController.m */ = {isa = PBXFileReference; fileEncoding = 4; lastKnownFileType = sourcecode.c.objc; path = FormVeiculoTableViewController.m; sourceTree = "<group>"; };
		11FB29C81B101662001AB60B /* ResultVeiculoTableViewController.h */ = {isa = PBXFileReference; fileEncoding = 4; lastKnownFileType = sourcecode.c.h; path = ResultVeiculoTableViewController.h; sourceTree = "<group>"; };
		11FB29C91B101662001AB60B /* ResultVeiculoTableViewController.m */ = {isa = PBXFileReference; fileEncoding = 4; lastKnownFileType = sourcecode.c.objc; path = ResultVeiculoTableViewController.m; sourceTree = "<group>"; };
		27F52E59321165529CA714F4 /* libPods.a */ = {isa = PBXFileReference; explicitFileType = archive.ar; includeInIndex = 0; path = libPods.a; sourceTree = BUILT_PRODUCTS_DIR; };
		2E61876F922E1F64F6D221FF /* Pods.debug.xcconfig */ = {isa = PBXFileReference; includeInIndex = 1; lastKnownFileType = text.xcconfig; name = Pods.debug.xcconfig; path = "Pods/Target Support Files/Pods/Pods.debug.xcconfig"; sourceTree = "<group>"; };
		4B62BDB10F17A58E78C9EC1D /* Pods.release.xcconfig */ = {isa = PBXFileReference; includeInIndex = 1; lastKnownFileType = text.xcconfig; name = Pods.release.xcconfig; path = "Pods/Target Support Files/Pods/Pods.release.xcconfig"; sourceTree = "<group>"; };
		81B4BD321B110CF7003106D4 /* DetranCell.xib */ = {isa = PBXFileReference; fileEncoding = 4; lastKnownFileType = file.xib; path = DetranCell.xib; sourceTree = "<group>"; };
		81B4BD331B110CF7003106D4 /* DetranCell.h */ = {isa = PBXFileReference; fileEncoding = 4; lastKnownFileType = sourcecode.c.h; path = DetranCell.h; sourceTree = "<group>"; };
		81B4BD341B110CF7003106D4 /* DetranCell.m */ = {isa = PBXFileReference; fileEncoding = 4; lastKnownFileType = sourcecode.c.objc; path = DetranCell.m; sourceTree = "<group>"; };
		81B4BD371B110D15003106D4 /* faleconosco.gif */ = {isa = PBXFileReference; lastKnownFileType = image.gif; path = faleconosco.gif; sourceTree = "<group>"; };
		81B4BD381B110D15003106D4 /* transporte.gif */ = {isa = PBXFileReference; lastKnownFileType = image.gif; path = transporte.gif; sourceTree = "<group>"; };
		81B4BD391B110D15003106D4 /* detran.jpg */ = {isa = PBXFileReference; lastKnownFileType = image.jpeg; path = detran.jpg; sourceTree = "<group>"; };
		81B4BD3A1B110D15003106D4 /* veiculo.gif */ = {isa = PBXFileReference; lastKnownFileType = image.gif; path = veiculo.gif; sourceTree = "<group>"; };
		81B4BD3B1B110D15003106D4 /* habilitacao.gif */ = {isa = PBXFileReference; lastKnownFileType = image.gif; path = habilitacao.gif; sourceTree = "<group>"; };
		81B4BD411B110D9E003106D4 /* governo.png */ = {isa = PBXFileReference; lastKnownFileType = image.png; path = governo.png; sourceTree = "<group>"; };
/* End PBXFileReference section */

/* Begin PBXFrameworksBuildPhase section */
		117A0CA61AE9E4470051CC29 /* Frameworks */ = {
			isa = PBXFrameworksBuildPhase;
			buildActionMask = 2147483647;
			files = (
				767222E395457A1AB86BB060 /* libPods.a in Frameworks */,
			);
			runOnlyForDeploymentPostprocessing = 0;
		};
		117A0CBF1AE9E44A0051CC29 /* Frameworks */ = {
			isa = PBXFrameworksBuildPhase;
			buildActionMask = 2147483647;
			files = (
			);
			runOnlyForDeploymentPostprocessing = 0;
		};
/* End PBXFrameworksBuildPhase section */

/* Begin PBXGroup section */
		117A0CA01AE9E4460051CC29 = {
			isa = PBXGroup;
			children = (
				117A0CAB1AE9E4470051CC29 /* My Application Test */,
				117A0CC51AE9E44A0051CC29 /* My Application TestTests */,
				117A0CAA1AE9E4470051CC29 /* Products */,
				66B0C01B98085226A42E7399 /* Pods */,
				681511D701507D321A0D4E0D /* Frameworks */,
			);
			sourceTree = "<group>";
		};
		117A0CAA1AE9E4470051CC29 /* Products */ = {
			isa = PBXGroup;
			children = (
				117A0CA91AE9E4470051CC29 /* My Application Test.app */,
				117A0CC21AE9E44A0051CC29 /* My Application TestTests.xctest */,
			);
			name = Products;
			sourceTree = "<group>";
		};
		117A0CAB1AE9E4470051CC29 /* My Application Test */ = {
			isa = PBXGroup;
			children = (
				81B4BD371B110D15003106D4 /* faleconosco.gif */,
				81B4BD3B1B110D15003106D4 /* habilitacao.gif */,
				81B4BD381B110D15003106D4 /* transporte.gif */,
				81B4BD3A1B110D15003106D4 /* veiculo.gif */,
				117A0CB01AE9E4470051CC29 /* AppDelegate.h */,
				81B4BD331B110CF7003106D4 /* DetranCell.h */,
				11B1A2951AEFF22B002E0CE1 /* FaleConoscoTableViewController.h */,
				11B1A29B1AF7B402002E0CE1 /* FormVeiculoTableViewController.h */,
				11B1A28C1AEFF10A002E0CE1 /* HabilitacaoTableViewController.h */,
				11B1A2891AEFED3D002E0CE1 /* PrincipalTableViewController.h */,
				1179DA2A1B10ECC30013DF5C /* ResultCompVeiculoTableViewController.h */,
				11B1A2981AF16104002E0CE1 /* ResultHabilitacaoTableViewController.h */,
				11FB29C81B101662001AB60B /* ResultVeiculoTableViewController.h */,
				11B1A2921AEFF21B002E0CE1 /* TransporteTableViewController.h */,
				11B1A28F1AEFF20B002E0CE1 /* VeiculoTableViewController.h */,
				81B4BD391B110D15003106D4 /* detran.jpg */,
				117A0CB11AE9E4470051CC29 /* AppDelegate.m */,
				81B4BD341B110CF7003106D4 /* DetranCell.m */,
				11B1A2961AEFF22B002E0CE1 /* FaleConoscoTableViewController.m */,
				11B1A29C1AF7B402002E0CE1 /* FormVeiculoTableViewController.m */,
				11B1A28D1AEFF10A002E0CE1 /* HabilitacaoTableViewController.m */,
				11B1A28A1AEFED3D002E0CE1 /* PrincipalTableViewController.m */,
				1179DA2B1B10ECC30013DF5C /* ResultCompVeiculoTableViewController.m */,
				11B1A2991AF16104002E0CE1 /* ResultHabilitacaoTableViewController.m */,
				11FB29C91B101662001AB60B /* ResultVeiculoTableViewController.m */,
				11B1A2931AEFF21B002E0CE1 /* TransporteTableViewController.m */,
				11B1A2901AEFF20B002E0CE1 /* VeiculoTableViewController.m */,
				81B4BD411B110D9E003106D4 /* governo.png */,
				117A0CB91AE9E4470051CC29 /* Images.xcassets */,
				81B4BD321B110CF7003106D4 /* DetranCell.xib */,
				117A0CBB1AE9E4470051CC29 /* LaunchScreen.xib */,
				117A0CB61AE9E4470051CC29 /* Main.storyboard */,
				117A0CAC1AE9E4470051CC29 /* Supporting Files */,
				114CF8DD1B1A2B1F00D809F0 /* LicenciamentoViewController.h */,
				114CF8DE1B1A2B1F00D809F0 /* LicenciamentoViewController.m */,
			);
			path = "My Application Test";
			sourceTree = "<group>";
		};
		117A0CAC1AE9E4470051CC29 /* Supporting Files */ = {
			isa = PBXGroup;
			children = (
				117A0CAD1AE9E4470051CC29 /* Info.plist */,
				117A0CAE1AE9E4470051CC29 /* main.m */,
			);
			name = "Supporting Files";
			sourceTree = "<group>";
		};
		117A0CC51AE9E44A0051CC29 /* My Application TestTests */ = {
			isa = PBXGroup;
			children = (
				117A0CC81AE9E44A0051CC29 /* My_Application_TestTests.m */,
				117A0CC61AE9E44A0051CC29 /* Supporting Files */,
			);
			path = "My Application TestTests";
			sourceTree = "<group>";
		};
		117A0CC61AE9E44A0051CC29 /* Supporting Files */ = {
			isa = PBXGroup;
			children = (
				117A0CC71AE9E44A0051CC29 /* Info.plist */,
			);
			name = "Supporting Files";
			sourceTree = "<group>";
		};
		66B0C01B98085226A42E7399 /* Pods */ = {
			isa = PBXGroup;
			children = (
				2E61876F922E1F64F6D221FF /* Pods.debug.xcconfig */,
				4B62BDB10F17A58E78C9EC1D /* Pods.release.xcconfig */,
			);
			name = Pods;
			sourceTree = "<group>";
		};
		681511D701507D321A0D4E0D /* Frameworks */ = {
			isa = PBXGroup;
			children = (
				27F52E59321165529CA714F4 /* libPods.a */,
			);
			name = Frameworks;
			sourceTree = "<group>";
		};
/* End PBXGroup section */

/* Begin PBXNativeTarget section */
		117A0CA81AE9E4470051CC29 /* My Application Test */ = {
			isa = PBXNativeTarget;
			buildConfigurationList = 117A0CCC1AE9E44A0051CC29 /* Build configuration list for PBXNativeTarget "My Application Test" */;
			buildPhases = (
				553CBBEF8E99ABBB403E94F2 /* Check Pods Manifest.lock */,
				117A0CA51AE9E4470051CC29 /* Sources */,
				117A0CA61AE9E4470051CC29 /* Frameworks */,
				117A0CA71AE9E4470051CC29 /* Resources */,
				C61AC41A47DB0E1FDF02EAF4 /* Copy Pods Resources */,
			);
			buildRules = (
			);
			dependencies = (
			);
			name = "My Application Test";
			productName = "My Application Test";
			productReference = 117A0CA91AE9E4470051CC29 /* My Application Test.app */;
			productType = "com.apple.product-type.application";
		};
		117A0CC11AE9E44A0051CC29 /* My Application TestTests */ = {
			isa = PBXNativeTarget;
			buildConfigurationList = 117A0CCF1AE9E44A0051CC29 /* Build configuration list for PBXNativeTarget "My Application TestTests" */;
			buildPhases = (
				117A0CBE1AE9E44A0051CC29 /* Sources */,
				117A0CBF1AE9E44A0051CC29 /* Frameworks */,
				117A0CC01AE9E44A0051CC29 /* Resources */,
			);
			buildRules = (
			);
			dependencies = (
				117A0CC41AE9E44A0051CC29 /* PBXTargetDependency */,
			);
			name = "My Application TestTests";
			productName = "My Application TestTests";
			productReference = 117A0CC21AE9E44A0051CC29 /* My Application TestTests.xctest */;
			productType = "com.apple.product-type.bundle.unit-test";
		};
/* End PBXNativeTarget section */

/* Begin PBXProject section */
		117A0CA11AE9E4460051CC29 /* Project object */ = {
			isa = PBXProject;
			attributes = {
				LastUpgradeCheck = 0630;
				ORGANIZATIONNAME = "Daniel Oliveira";
				TargetAttributes = {
					117A0CA81AE9E4470051CC29 = {
						CreatedOnToolsVersion = 6.3.1;
						DevelopmentTeam = W995S23X5N;
					};
					117A0CC11AE9E44A0051CC29 = {
						CreatedOnToolsVersion = 6.3.1;
						TestTargetID = 117A0CA81AE9E4470051CC29;
					};
				};
			};
			buildConfigurationList = 117A0CA41AE9E4460051CC29 /* Build configuration list for PBXProject "My Application Test" */;
			compatibilityVersion = "Xcode 3.2";
			developmentRegion = English;
			hasScannedForEncodings = 0;
			knownRegions = (
				en,
				Base,
			);
			mainGroup = 117A0CA01AE9E4460051CC29;
			productRefGroup = 117A0CAA1AE9E4470051CC29 /* Products */;
			projectDirPath = "";
			projectRoot = "";
			targets = (
				117A0CA81AE9E4470051CC29 /* My Application Test */,
				117A0CC11AE9E44A0051CC29 /* My Application TestTests */,
			);
		};
/* End PBXProject section */

/* Begin PBXResourcesBuildPhase section */
		117A0CA71AE9E4470051CC29 /* Resources */ = {
			isa = PBXResourcesBuildPhase;
			buildActionMask = 2147483647;
			files = (
				81B4BD401B110D15003106D4 /* habilitacao.gif in Resources */,
				117A0CB81AE9E4470051CC29 /* Main.storyboard in Resources */,
				81B4BD3C1B110D15003106D4 /* faleconosco.gif in Resources */,
				81B4BD3D1B110D15003106D4 /* transporte.gif in Resources */,
				81B4BD351B110CF7003106D4 /* DetranCell.xib in Resources */,
				117A0CBD1AE9E4470051CC29 /* LaunchScreen.xib in Resources */,
				81B4BD421B110D9E003106D4 /* governo.png in Resources */,
				117A0CBA1AE9E4470051CC29 /* Images.xcassets in Resources */,
				81B4BD3F1B110D15003106D4 /* veiculo.gif in Resources */,
				81B4BD3E1B110D15003106D4 /* detran.jpg in Resources */,
			);
			runOnlyForDeploymentPostprocessing = 0;
		};
		117A0CC01AE9E44A0051CC29 /* Resources */ = {
			isa = PBXResourcesBuildPhase;
			buildActionMask = 2147483647;
			files = (
			);
			runOnlyForDeploymentPostprocessing = 0;
		};
/* End PBXResourcesBuildPhase section */

/* Begin PBXShellScriptBuildPhase section */
		553CBBEF8E99ABBB403E94F2 /* Check Pods Manifest.lock */ = {
			isa = PBXShellScriptBuildPhase;
			buildActionMask = 2147483647;
			files = (
			);
			inputPaths = (
			);
			name = "Check Pods Manifest.lock";
			outputPaths = (
			);
			runOnlyForDeploymentPostprocessing = 0;
			shellPath = /bin/sh;
			shellScript = "diff \"${PODS_ROOT}/../Podfile.lock\" \"${PODS_ROOT}/Manifest.lock\" > /dev/null\nif [[ $? != 0 ]] ; then\n    cat << EOM\nerror: The sandbox is not in sync with the Podfile.lock. Run 'pod install' or update your CocoaPods installation.\nEOM\n    exit 1\nfi\n";
			showEnvVarsInLog = 0;
		};
		C61AC41A47DB0E1FDF02EAF4 /* Copy Pods Resources */ = {
			isa = PBXShellScriptBuildPhase;
			buildActionMask = 2147483647;
			files = (
			);
			inputPaths = (
			);
			name = "Copy Pods Resources";
			outputPaths = (
			);
			runOnlyForDeploymentPostprocessing = 0;
			shellPath = /bin/sh;
			shellScript = "\"${SRCROOT}/Pods/Target Support Files/Pods/Pods-resources.sh\"\n";
			showEnvVarsInLog = 0;
		};
/* End PBXShellScriptBuildPhase section */

/* Begin PBXSourcesBuildPhase section */
		117A0CA51AE9E4470051CC29 /* Sources */ = {
			isa = PBXSourcesBuildPhase;
			buildActionMask = 2147483647;
			files = (
				11B1A29A1AF16104002E0CE1 /* ResultHabilitacaoTableViewController.m in Sources */,
				1179DA2C1B10ECC30013DF5C /* ResultCompVeiculoTableViewController.m in Sources */,
				11B1A29D1AF7B402002E0CE1 /* FormVeiculoTableViewController.m in Sources */,
				11FB29CA1B101662001AB60B /* ResultVeiculoTableViewController.m in Sources */,
				117A0CB21AE9E4470051CC29 /* AppDelegate.m in Sources */,
				114CF8DF1B1A2B1F00D809F0 /* LicenciamentoViewController.m in Sources */,
				81B4BD361B110CF7003106D4 /* DetranCell.m in Sources */,
				11B1A2941AEFF21B002E0CE1 /* TransporteTableViewController.m in Sources */,
				11B1A28B1AEFED3D002E0CE1 /* PrincipalTableViewController.m in Sources */,
				11B1A2971AEFF22B002E0CE1 /* FaleConoscoTableViewController.m in Sources */,
				11B1A28E1AEFF10A002E0CE1 /* HabilitacaoTableViewController.m in Sources */,
				117A0CAF1AE9E4470051CC29 /* main.m in Sources */,
				11B1A2911AEFF20B002E0CE1 /* VeiculoTableViewController.m in Sources */,
			);
			runOnlyForDeploymentPostprocessing = 0;
		};
		117A0CBE1AE9E44A0051CC29 /* Sources */ = {
			isa = PBXSourcesBuildPhase;
			buildActionMask = 2147483647;
			files = (
				117A0CC91AE9E44A0051CC29 /* My_Application_TestTests.m in Sources */,
			);
			runOnlyForDeploymentPostprocessing = 0;
		};
/* End PBXSourcesBuildPhase section */

/* Begin PBXTargetDependency section */
		117A0CC41AE9E44A0051CC29 /* PBXTargetDependency */ = {
			isa = PBXTargetDependency;
			target = 117A0CA81AE9E4470051CC29 /* My Application Test */;
			targetProxy = 117A0CC31AE9E44A0051CC29 /* PBXContainerItemProxy */;
		};
/* End PBXTargetDependency section */

/* Begin PBXVariantGroup section */
		117A0CB61AE9E4470051CC29 /* Main.storyboard */ = {
			isa = PBXVariantGroup;
			children = (
				117A0CB71AE9E4470051CC29 /* Base */,
			);
			name = Main.storyboard;
			sourceTree = "<group>";
		};
		117A0CBB1AE9E4470051CC29 /* LaunchScreen.xib */ = {
			isa = PBXVariantGroup;
			children = (
				117A0CBC1AE9E4470051CC29 /* Base */,
			);
			name = LaunchScreen.xib;
			sourceTree = "<group>";
		};
/* End PBXVariantGroup section */

/* Begin XCBuildConfiguration section */
		117A0CCA1AE9E44A0051CC29 /* Debug */ = {
			isa = XCBuildConfiguration;
			buildSettings = {
				ALWAYS_SEARCH_USER_PATHS = NO;
				CLANG_CXX_LANGUAGE_STANDARD = "gnu++0x";
				CLANG_CXX_LIBRARY = "libc++";
				CLANG_ENABLE_MODULES = YES;
				CLANG_ENABLE_OBJC_ARC = YES;
				CLANG_WARN_BOOL_CONVERSION = YES;
				CLANG_WARN_CONSTANT_CONVERSION = YES;
				CLANG_WARN_DIRECT_OBJC_ISA_USAGE = YES_ERROR;
				CLANG_WARN_EMPTY_BODY = YES;
				CLANG_WARN_ENUM_CONVERSION = YES;
				CLANG_WARN_INT_CONVERSION = YES;
				CLANG_WARN_OBJC_ROOT_CLASS = YES_ERROR;
				CLANG_WARN_UNREACHABLE_CODE = YES;
				CLANG_WARN__DUPLICATE_METHOD_MATCH = YES;
				"CODE_SIGN_IDENTITY[sdk=iphoneos*]" = "iPhone Developer";
				COPY_PHASE_STRIP = NO;
				DEBUG_INFORMATION_FORMAT = "dwarf-with-dsym";
				ENABLE_STRICT_OBJC_MSGSEND = YES;
				GCC_C_LANGUAGE_STANDARD = gnu99;
				GCC_DYNAMIC_NO_PIC = NO;
				GCC_NO_COMMON_BLOCKS = YES;
				GCC_OPTIMIZATION_LEVEL = 0;
				GCC_PREPROCESSOR_DEFINITIONS = (
					"DEBUG=1",
					"$(inherited)",
				);
				GCC_SYMBOLS_PRIVATE_EXTERN = NO;
				GCC_WARN_64_TO_32_BIT_CONVERSION = YES;
				GCC_WARN_ABOUT_RETURN_TYPE = YES_ERROR;
				GCC_WARN_UNDECLARED_SELECTOR = YES;
				GCC_WARN_UNINITIALIZED_AUTOS = YES_AGGRESSIVE;
				GCC_WARN_UNUSED_FUNCTION = YES;
				GCC_WARN_UNUSED_VARIABLE = YES;
				IPHONEOS_DEPLOYMENT_TARGET = 8.3;
				MTL_ENABLE_DEBUG_INFO = YES;
				ONLY_ACTIVE_ARCH = YES;
				SDKROOT = iphoneos;
			};
			name = Debug;
		};
		117A0CCB1AE9E44A0051CC29 /* Release */ = {
			isa = XCBuildConfiguration;
			buildSettings = {
				ALWAYS_SEARCH_USER_PATHS = NO;
				CLANG_CXX_LANGUAGE_STANDARD = "gnu++0x";
				CLANG_CXX_LIBRARY = "libc++";
				CLANG_ENABLE_MODULES = YES;
				CLANG_ENABLE_OBJC_ARC = YES;
				CLANG_WARN_BOOL_CONVERSION = YES;
				CLANG_WARN_CONSTANT_CONVERSION = YES;
				CLANG_WARN_DIRECT_OBJC_ISA_USAGE = YES_ERROR;
				CLANG_WARN_EMPTY_BODY = YES;
				CLANG_WARN_ENUM_CONVERSION = YES;
				CLANG_WARN_INT_CONVERSION = YES;
				CLANG_WARN_OBJC_ROOT_CLASS = YES_ERROR;
				CLANG_WARN_UNREACHABLE_CODE = YES;
				CLANG_WARN__DUPLICATE_METHOD_MATCH = YES;
				"CODE_SIGN_IDENTITY[sdk=iphoneos*]" = "iPhone Developer";
				COPY_PHASE_STRIP = NO;
				DEBUG_INFORMATION_FORMAT = "dwarf-with-dsym";
				ENABLE_NS_ASSERTIONS = NO;
				ENABLE_STRICT_OBJC_MSGSEND = YES;
				GCC_C_LANGUAGE_STANDARD = gnu99;
				GCC_NO_COMMON_BLOCKS = YES;
				GCC_WARN_64_TO_32_BIT_CONVERSION = YES;
				GCC_WARN_ABOUT_RETURN_TYPE = YES_ERROR;
				GCC_WARN_UNDECLARED_SELECTOR = YES;
				GCC_WARN_UNINITIALIZED_AUTOS = YES_AGGRESSIVE;
				GCC_WARN_UNUSED_FUNCTION = YES;
				GCC_WARN_UNUSED_VARIABLE = YES;
				IPHONEOS_DEPLOYMENT_TARGET = 8.3;
				MTL_ENABLE_DEBUG_INFO = NO;
				SDKROOT = iphoneos;
				VALIDATE_PRODUCT = YES;
			};
			name = Release;
		};
		117A0CCD1AE9E44A0051CC29 /* Debug */ = {
			isa = XCBuildConfiguration;
			baseConfigurationReference = 2E61876F922E1F64F6D221FF /* Pods.debug.xcconfig */;
			buildSettings = {
				ASSETCATALOG_COMPILER_APPICON_NAME = AppIcon;
				CODE_SIGN_IDENTITY = "iPhone Developer";
				INFOPLIST_FILE = "My Application Test/Info.plist";
				LD_RUNPATH_SEARCH_PATHS = "$(inherited) @executable_path/Frameworks";
				PRODUCT_NAME = "$(TARGET_NAME)";
			};
			name = Debug;
		};
		117A0CCE1AE9E44A0051CC29 /* Release */ = {
			isa = XCBuildConfiguration;
			baseConfigurationReference = 4B62BDB10F17A58E78C9EC1D /* Pods.release.xcconfig */;
			buildSettings = {
				ASSETCATALOG_COMPILER_APPICON_NAME = AppIcon;
				CODE_SIGN_IDENTITY = "iPhone Developer";
				INFOPLIST_FILE = "My Application Test/Info.plist";
				LD_RUNPATH_SEARCH_PATHS = "$(inherited) @executable_path/Frameworks";
				PRODUCT_NAME = "$(TARGET_NAME)";
			};
			name = Release;
		};
		117A0CD01AE9E44A0051CC29 /* Debug */ = {
			isa = XCBuildConfiguration;
			buildSettings = {
				BUNDLE_LOADER = "$(TEST_HOST)";
				FRAMEWORK_SEARCH_PATHS = (
					"$(SDKROOT)/Developer/Library/Frameworks",
					"$(inherited)",
				);
				GCC_PREPROCESSOR_DEFINITIONS = (
					"DEBUG=1",
					"$(inherited)",
				);
				INFOPLIST_FILE = "My Application TestTests/Info.plist";
				LD_RUNPATH_SEARCH_PATHS = "$(inherited) @executable_path/Frameworks @loader_path/Frameworks";
				PRODUCT_NAME = "$(TARGET_NAME)";
				TEST_HOST = "$(BUILT_PRODUCTS_DIR)/My Application Test.app/My Application Test";
			};
			name = Debug;
		};
		117A0CD11AE9E44A0051CC29 /* Release */ = {
			isa = XCBuildConfiguration;
			buildSettings = {
				BUNDLE_LOADER = "$(TEST_HOST)";
				FRAMEWORK_SEARCH_PATHS = (
					"$(SDKROOT)/Developer/Library/Frameworks",
					"$(inherited)",
				);
				INFOPLIST_FILE = "My Application TestTests/Info.plist";
				LD_RUNPATH_SEARCH_PATHS = "$(inherited) @executable_path/Frameworks @loader_path/Frameworks";
				PRODUCT_NAME = "$(TARGET_NAME)";
				TEST_HOST = "$(BUILT_PRODUCTS_DIR)/My Application Test.app/My Application Test";
			};
			name = Release;
		};
/* End XCBuildConfiguration section */

/* Begin XCConfigurationList section */
		117A0CA41AE9E4460051CC29 /* Build configuration list for PBXProject "My Application Test" */ = {
			isa = XCConfigurationList;
			buildConfigurations = (
				117A0CCA1AE9E44A0051CC29 /* Debug */,
				117A0CCB1AE9E44A0051CC29 /* Release */,
			);
			defaultConfigurationIsVisible = 0;
			defaultConfigurationName = Release;
		};
		117A0CCC1AE9E44A0051CC29 /* Build configuration list for PBXNativeTarget "My Application Test" */ = {
			isa = XCConfigurationList;
			buildConfigurations = (
				117A0CCD1AE9E44A0051CC29 /* Debug */,
				117A0CCE1AE9E44A0051CC29 /* Release */,
			);
			defaultConfigurationIsVisible = 0;
			defaultConfigurationName = Release;
		};
		117A0CCF1AE9E44A0051CC29 /* Build configuration list for PBXNativeTarget "My Application TestTests" */ = {
			isa = XCConfigurationList;
			buildConfigurations = (
				117A0CD01AE9E44A0051CC29 /* Debug */,
				117A0CD11AE9E44A0051CC29 /* Release */,
			);
			defaultConfigurationIsVisible = 0;
			defaultConfigurationName = Release;
		};
/* End XCConfigurationList section */
	};
	rootObject = 117A0CA11AE9E4460051CC29 /* Project object */;
}
