// !$*UTF8*$!
{
	archiveVersion = 1;
	classes = {
	};
	objectVersion = 46;
	objects = {

/* Begin PBXBuildFile section */
		81726F5F1B0778AC007B40D0 /* main.m in Sources */ = {isa = PBXBuildFile; fileRef = 81726F5E1B0778AC007B40D0 /* main.m */; };
		81726F621B0778AC007B40D0 /* AppDelegate.m in Sources */ = {isa = PBXBuildFile; fileRef = 81726F611B0778AC007B40D0 /* AppDelegate.m */; };
		81726F651B0778AC007B40D0 /* TamplateCoreData.xcdatamodeld in Sources */ = {isa = PBXBuildFile; fileRef = 81726F631B0778AC007B40D0 /* TamplateCoreData.xcdatamodeld */; };
		81726F681B0778AC007B40D0 /* ViewController.m in Sources */ = {isa = PBXBuildFile; fileRef = 81726F671B0778AC007B40D0 /* ViewController.m */; };
		81726F6B1B0778AC007B40D0 /* Main.storyboard in Resources */ = {isa = PBXBuildFile; fileRef = 81726F691B0778AC007B40D0 /* Main.storyboard */; };
		81726F6D1B0778AC007B40D0 /* Images.xcassets in Resources */ = {isa = PBXBuildFile; fileRef = 81726F6C1B0778AC007B40D0 /* Images.xcassets */; };
		81726F701B0778AC007B40D0 /* LaunchScreen.xib in Resources */ = {isa = PBXBuildFile; fileRef = 81726F6E1B0778AC007B40D0 /* LaunchScreen.xib */; };
		81726F7C1B0778AC007B40D0 /* TamplateCoreDataTests.m in Sources */ = {isa = PBXBuildFile; fileRef = 81726F7B1B0778AC007B40D0 /* TamplateCoreDataTests.m */; };
/* End PBXBuildFile section */

/* Begin PBXContainerItemProxy section */
		81726F761B0778AC007B40D0 /* PBXContainerItemProxy */ = {
			isa = PBXContainerItemProxy;
			containerPortal = 81726F511B0778AC007B40D0 /* Project object */;
			proxyType = 1;
			remoteGlobalIDString = 81726F581B0778AC007B40D0;
			remoteInfo = TamplateCoreData;
		};
/* End PBXContainerItemProxy section */

/* Begin PBXFileReference section */
		81726F591B0778AC007B40D0 /* TamplateCoreData.app */ = {isa = PBXFileReference; explicitFileType = wrapper.application; includeInIndex = 0; path = TamplateCoreData.app; sourceTree = BUILT_PRODUCTS_DIR; };
		81726F5D1B0778AC007B40D0 /* Info.plist */ = {isa = PBXFileReference; lastKnownFileType = text.plist.xml; path = Info.plist; sourceTree = "<group>"; };
		81726F5E1B0778AC007B40D0 /* main.m */ = {isa = PBXFileReference; lastKnownFileType = sourcecode.c.objc; path = main.m; sourceTree = "<group>"; };
		81726F601B0778AC007B40D0 /* AppDelegate.h */ = {isa = PBXFileReference; lastKnownFileType = sourcecode.c.h; path = AppDelegate.h; sourceTree = "<group>"; };
		81726F611B0778AC007B40D0 /* AppDelegate.m */ = {isa = PBXFileReference; lastKnownFileType = sourcecode.c.objc; path = AppDelegate.m; sourceTree = "<group>"; };
		81726F641B0778AC007B40D0 /* TamplateCoreData.xcdatamodel */ = {isa = PBXFileReference; lastKnownFileType = wrapper.xcdatamodel; path = TamplateCoreData.xcdatamodel; sourceTree = "<group>"; };
		81726F661B0778AC007B40D0 /* ViewController.h */ = {isa = PBXFileReference; lastKnownFileType = sourcecode.c.h; path = ViewController.h; sourceTree = "<group>"; };
		81726F671B0778AC007B40D0 /* ViewController.m */ = {isa = PBXFileReference; lastKnownFileType = sourcecode.c.objc; path = ViewController.m; sourceTree = "<group>"; };
		81726F6A1B0778AC007B40D0 /* Base */ = {isa = PBXFileReference; lastKnownFileType = file.storyboard; name = Base; path = Base.lproj/Main.storyboard; sourceTree = "<group>"; };
		81726F6C1B0778AC007B40D0 /* Images.xcassets */ = {isa = PBXFileReference; lastKnownFileType = folder.assetcatalog; path = Images.xcassets; sourceTree = "<group>"; };
		81726F6F1B0778AC007B40D0 /* Base */ = {isa = PBXFileReference; lastKnownFileType = file.xib; name = Base; path = Base.lproj/LaunchScreen.xib; sourceTree = "<group>"; };
		81726F751B0778AC007B40D0 /* TamplateCoreDataTests.xctest */ = {isa = PBXFileReference; explicitFileType = wrapper.cfbundle; includeInIndex = 0; path = TamplateCoreDataTests.xctest; sourceTree = BUILT_PRODUCTS_DIR; };
		81726F7A1B0778AC007B40D0 /* Info.plist */ = {isa = PBXFileReference; lastKnownFileType = text.plist.xml; path = Info.plist; sourceTree = "<group>"; };
		81726F7B1B0778AC007B40D0 /* TamplateCoreDataTests.m */ = {isa = PBXFileReference; lastKnownFileType = sourcecode.c.objc; path = TamplateCoreDataTests.m; sourceTree = "<group>"; };
/* End PBXFileReference section */

/* Begin PBXFrameworksBuildPhase section */
		81726F561B0778AC007B40D0 /* Frameworks */ = {
			isa = PBXFrameworksBuildPhase;
			buildActionMask = 2147483647;
			files = (
			);
			runOnlyForDeploymentPostprocessing = 0;
		};
		81726F721B0778AC007B40D0 /* Frameworks */ = {
			isa = PBXFrameworksBuildPhase;
			buildActionMask = 2147483647;
			files = (
			);
			runOnlyForDeploymentPostprocessing = 0;
		};
/* End PBXFrameworksBuildPhase section */

/* Begin PBXGroup section */
		81726F501B0778AC007B40D0 = {
			isa = PBXGroup;
			children = (
				81726F5B1B0778AC007B40D0 /* TamplateCoreData */,
				81726F781B0778AC007B40D0 /* TamplateCoreDataTests */,
				81726F5A1B0778AC007B40D0 /* Products */,
			);
			sourceTree = "<group>";
		};
		81726F5A1B0778AC007B40D0 /* Products */ = {
			isa = PBXGroup;
			children = (
				81726F591B0778AC007B40D0 /* TamplateCoreData.app */,
				81726F751B0778AC007B40D0 /* TamplateCoreDataTests.xctest */,
			);
			name = Products;
			sourceTree = "<group>";
		};
		81726F5B1B0778AC007B40D0 /* TamplateCoreData */ = {
			isa = PBXGroup;
			children = (
				81726F601B0778AC007B40D0 /* AppDelegate.h */,
				81726F611B0778AC007B40D0 /* AppDelegate.m */,
				81726F661B0778AC007B40D0 /* ViewController.h */,
				81726F671B0778AC007B40D0 /* ViewController.m */,
				81726F691B0778AC007B40D0 /* Main.storyboard */,
				81726F6C1B0778AC007B40D0 /* Images.xcassets */,
				81726F6E1B0778AC007B40D0 /* LaunchScreen.xib */,
				81726F631B0778AC007B40D0 /* TamplateCoreData.xcdatamodeld */,
				81726F5C1B0778AC007B40D0 /* Supporting Files */,
			);
			path = TamplateCoreData;
			sourceTree = "<group>";
		};
		81726F5C1B0778AC007B40D0 /* Supporting Files */ = {
			isa = PBXGroup;
			children = (
				81726F5D1B0778AC007B40D0 /* Info.plist */,
				81726F5E1B0778AC007B40D0 /* main.m */,
			);
			name = "Supporting Files";
			sourceTree = "<group>";
		};
		81726F781B0778AC007B40D0 /* TamplateCoreDataTests */ = {
			isa = PBXGroup;
			children = (
				81726F7B1B0778AC007B40D0 /* TamplateCoreDataTests.m */,
				81726F791B0778AC007B40D0 /* Supporting Files */,
			);
			path = TamplateCoreDataTests;
			sourceTree = "<group>";
		};
		81726F791B0778AC007B40D0 /* Supporting Files */ = {
			isa = PBXGroup;
			children = (
				81726F7A1B0778AC007B40D0 /* Info.plist */,
			);
			name = "Supporting Files";
			sourceTree = "<group>";
		};
/* End PBXGroup section */

/* Begin PBXNativeTarget section */
		81726F581B0778AC007B40D0 /* TamplateCoreData */ = {
			isa = PBXNativeTarget;
			buildConfigurationList = 81726F7F1B0778AC007B40D0 /* Build configuration list for PBXNativeTarget "TamplateCoreData" */;
			buildPhases = (
				81726F551B0778AC007B40D0 /* Sources */,
				81726F561B0778AC007B40D0 /* Frameworks */,
				81726F571B0778AC007B40D0 /* Resources */,
			);
			buildRules = (
			);
			dependencies = (
			);
			name = TamplateCoreData;
			productName = TamplateCoreData;
			productReference = 81726F591B0778AC007B40D0 /* TamplateCoreData.app */;
			productType = "com.apple.product-type.application";
		};
		81726F741B0778AC007B40D0 /* TamplateCoreDataTests */ = {
			isa = PBXNativeTarget;
			buildConfigurationList = 81726F821B0778AC007B40D0 /* Build configuration list for PBXNativeTarget "TamplateCoreDataTests" */;
			buildPhases = (
				81726F711B0778AC007B40D0 /* Sources */,
				81726F721B0778AC007B40D0 /* Frameworks */,
				81726F731B0778AC007B40D0 /* Resources */,
			);
			buildRules = (
			);
			dependencies = (
				81726F771B0778AC007B40D0 /* PBXTargetDependency */,
			);
			name = TamplateCoreDataTests;
			productName = TamplateCoreDataTests;
			productReference = 81726F751B0778AC007B40D0 /* TamplateCoreDataTests.xctest */;
			productType = "com.apple.product-type.bundle.unit-test";
		};
/* End PBXNativeTarget section */

/* Begin PBXProject section */
		81726F511B0778AC007B40D0 /* Project object */ = {
			isa = PBXProject;
			attributes = {
				LastUpgradeCheck = 0610;
				ORGANIZATIONNAME = ios;
				TargetAttributes = {
					81726F581B0778AC007B40D0 = {
						CreatedOnToolsVersion = 6.1;
					};
					81726F741B0778AC007B40D0 = {
						CreatedOnToolsVersion = 6.1;
						TestTargetID = 81726F581B0778AC007B40D0;
					};
				};
			};
			buildConfigurationList = 81726F541B0778AC007B40D0 /* Build configuration list for PBXProject "TamplateCoreData" */;
			compatibilityVersion = "Xcode 3.2";
			developmentRegion = English;
			hasScannedForEncodings = 0;
			knownRegions = (
				en,
				Base,
			);
			mainGroup = 81726F501B0778AC007B40D0;
			productRefGroup = 81726F5A1B0778AC007B40D0 /* Products */;
			projectDirPath = "";
			projectRoot = "";
			targets = (
				81726F581B0778AC007B40D0 /* TamplateCoreData */,
				81726F741B0778AC007B40D0 /* TamplateCoreDataTests */,
			);
		};
/* End PBXProject section */

/* Begin PBXResourcesBuildPhase section */
		81726F571B0778AC007B40D0 /* Resources */ = {
			isa = PBXResourcesBuildPhase;
			buildActionMask = 2147483647;
			files = (
				81726F6B1B0778AC007B40D0 /* Main.storyboard in Resources */,
				81726F701B0778AC007B40D0 /* LaunchScreen.xib in Resources */,
				81726F6D1B0778AC007B40D0 /* Images.xcassets in Resources */,
			);
			runOnlyForDeploymentPostprocessing = 0;
		};
		81726F731B0778AC007B40D0 /* Resources */ = {
			isa = PBXResourcesBuildPhase;
			buildActionMask = 2147483647;
			files = (
			);
			runOnlyForDeploymentPostprocessing = 0;
		};
/* End PBXResourcesBuildPhase section */

/* Begin PBXSourcesBuildPhase section */
		81726F551B0778AC007B40D0 /* Sources */ = {
			isa = PBXSourcesBuildPhase;
			buildActionMask = 2147483647;
			files = (
				81726F651B0778AC007B40D0 /* TamplateCoreData.xcdatamodeld in Sources */,
				81726F621B0778AC007B40D0 /* AppDelegate.m in Sources */,
				81726F681B0778AC007B40D0 /* ViewController.m in Sources */,
				81726F5F1B0778AC007B40D0 /* main.m in Sources */,
			);
			runOnlyForDeploymentPostprocessing = 0;
		};
		81726F711B0778AC007B40D0 /* Sources */ = {
			isa = PBXSourcesBuildPhase;
			buildActionMask = 2147483647;
			files = (
				81726F7C1B0778AC007B40D0 /* TamplateCoreDataTests.m in Sources */,
			);
			runOnlyForDeploymentPostprocessing = 0;
		};
/* End PBXSourcesBuildPhase section */

/* Begin PBXTargetDependency section */
		81726F771B0778AC007B40D0 /* PBXTargetDependency */ = {
			isa = PBXTargetDependency;
			target = 81726F581B0778AC007B40D0 /* TamplateCoreData */;
			targetProxy = 81726F761B0778AC007B40D0 /* PBXContainerItemProxy */;
		};
/* End PBXTargetDependency section */

/* Begin PBXVariantGroup section */
		81726F691B0778AC007B40D0 /* Main.storyboard */ = {
			isa = PBXVariantGroup;
			children = (
				81726F6A1B0778AC007B40D0 /* Base */,
			);
			name = Main.storyboard;
			sourceTree = "<group>";
		};
		81726F6E1B0778AC007B40D0 /* LaunchScreen.xib */ = {
			isa = PBXVariantGroup;
			children = (
				81726F6F1B0778AC007B40D0 /* Base */,
			);
			name = LaunchScreen.xib;
			sourceTree = "<group>";
		};
/* End PBXVariantGroup section */

/* Begin XCBuildConfiguration section */
		81726F7D1B0778AC007B40D0 /* Debug */ = {
			isa = XCBuildConfiguration;
			buildSettings = {
				ALWAYS_SEARCH_USER_PATHS = NO;
				CLANG_CXX_LANGUAGE_STANDARD = "gnu++0x";
				CLANG_CXX_LIBRARY = "libc++";
				CLANG_ENABLE_MODULES = YES;
				CLANG_ENABLE_OBJC_ARC = YES;
				CLANG_WARN_BOOL_CONVERSION = YES;
				CLANG_WARN_CONSTANT_CONVERSION = YES;
				CLANG_WARN_DIRECT_OBJC_ISA_USAGE = YES_ERROR;
				CLANG_WARN_EMPTY_BODY = YES;
				CLANG_WARN_ENUM_CONVERSION = YES;
				CLANG_WARN_INT_CONVERSION = YES;
				CLANG_WARN_OBJC_ROOT_CLASS = YES_ERROR;
				CLANG_WARN_UNREACHABLE_CODE = YES;
				CLANG_WARN__DUPLICATE_METHOD_MATCH = YES;
				"CODE_SIGN_IDENTITY[sdk=iphoneos*]" = "iPhone Developer";
				COPY_PHASE_STRIP = NO;
				ENABLE_STRICT_OBJC_MSGSEND = YES;
				GCC_C_LANGUAGE_STANDARD = gnu99;
				GCC_DYNAMIC_NO_PIC = NO;
				GCC_OPTIMIZATION_LEVEL = 0;
				GCC_PREPROCESSOR_DEFINITIONS = (
					"DEBUG=1",
					"$(inherited)",
				);
				GCC_SYMBOLS_PRIVATE_EXTERN = NO;
				GCC_WARN_64_TO_32_BIT_CONVERSION = YES;
				GCC_WARN_ABOUT_RETURN_TYPE = YES_ERROR;
				GCC_WARN_UNDECLARED_SELECTOR = YES;
				GCC_WARN_UNINITIALIZED_AUTOS = YES_AGGRESSIVE;
				GCC_WARN_UNUSED_FUNCTION = YES;
				GCC_WARN_UNUSED_VARIABLE = YES;
				IPHONEOS_DEPLOYMENT_TARGET = 8.1;
				MTL_ENABLE_DEBUG_INFO = YES;
				ONLY_ACTIVE_ARCH = YES;
				SDKROOT = iphoneos;
			};
			name = Debug;
		};
		81726F7E1B0778AC007B40D0 /* Release */ = {
			isa = XCBuildConfiguration;
			buildSettings = {
				ALWAYS_SEARCH_USER_PATHS = NO;
				CLANG_CXX_LANGUAGE_STANDARD = "gnu++0x";
				CLANG_CXX_LIBRARY = "libc++";
				CLANG_ENABLE_MODULES = YES;
				CLANG_ENABLE_OBJC_ARC = YES;
				CLANG_WARN_BOOL_CONVERSION = YES;
				CLANG_WARN_CONSTANT_CONVERSION = YES;
				CLANG_WARN_DIRECT_OBJC_ISA_USAGE = YES_ERROR;
				CLANG_WARN_EMPTY_BODY = YES;
				CLANG_WARN_ENUM_CONVERSION = YES;
				CLANG_WARN_INT_CONVERSION = YES;
				CLANG_WARN_OBJC_ROOT_CLASS = YES_ERROR;
				CLANG_WARN_UNREACHABLE_CODE = YES;
				CLANG_WARN__DUPLICATE_METHOD_MATCH = YES;
				"CODE_SIGN_IDENTITY[sdk=iphoneos*]" = "iPhone Developer";
				COPY_PHASE_STRIP = YES;
				ENABLE_NS_ASSERTIONS = NO;
				ENABLE_STRICT_OBJC_MSGSEND = YES;
				GCC_C_LANGUAGE_STANDARD = gnu99;
				GCC_WARN_64_TO_32_BIT_CONVERSION = YES;
				GCC_WARN_ABOUT_RETURN_TYPE = YES_ERROR;
				GCC_WARN_UNDECLARED_SELECTOR = YES;
				GCC_WARN_UNINITIALIZED_AUTOS = YES_AGGRESSIVE;
				GCC_WARN_UNUSED_FUNCTION = YES;
				GCC_WARN_UNUSED_VARIABLE = YES;
				IPHONEOS_DEPLOYMENT_TARGET = 8.1;
				MTL_ENABLE_DEBUG_INFO = NO;
				SDKROOT = iphoneos;
				VALIDATE_PRODUCT = YES;
			};
			name = Release;
		};
		81726F801B0778AC007B40D0 /* Debug */ = {
			isa = XCBuildConfiguration;
			buildSettings = {
				ASSETCATALOG_COMPILER_APPICON_NAME = AppIcon;
				INFOPLIST_FILE = TamplateCoreData/Info.plist;
				LD_RUNPATH_SEARCH_PATHS = "$(inherited) @executable_path/Frameworks";
				PRODUCT_NAME = "$(TARGET_NAME)";
			};
			name = Debug;
		};
		81726F811B0778AC007B40D0 /* Release */ = {
			isa = XCBuildConfiguration;
			buildSettings = {
				ASSETCATALOG_COMPILER_APPICON_NAME = AppIcon;
				INFOPLIST_FILE = TamplateCoreData/Info.plist;
				LD_RUNPATH_SEARCH_PATHS = "$(inherited) @executable_path/Frameworks";
				PRODUCT_NAME = "$(TARGET_NAME)";
			};
			name = Release;
		};
		81726F831B0778AC007B40D0 /* Debug */ = {
			isa = XCBuildConfiguration;
			buildSettings = {
				BUNDLE_LOADER = "$(TEST_HOST)";
				FRAMEWORK_SEARCH_PATHS = (
					"$(SDKROOT)/Developer/Library/Frameworks",
					"$(inherited)",
				);
				GCC_PREPROCESSOR_DEFINITIONS = (
					"DEBUG=1",
					"$(inherited)",
				);
				INFOPLIST_FILE = TamplateCoreDataTests/Info.plist;
				LD_RUNPATH_SEARCH_PATHS = "$(inherited) @executable_path/Frameworks @loader_path/Frameworks";
				PRODUCT_NAME = "$(TARGET_NAME)";
				TEST_HOST = "$(BUILT_PRODUCTS_DIR)/TamplateCoreData.app/TamplateCoreData";
			};
			name = Debug;
		};
		81726F841B0778AC007B40D0 /* Release */ = {
			isa = XCBuildConfiguration;
			buildSettings = {
				BUNDLE_LOADER = "$(TEST_HOST)";
				FRAMEWORK_SEARCH_PATHS = (
					"$(SDKROOT)/Developer/Library/Frameworks",
					"$(inherited)",
				);
				INFOPLIST_FILE = TamplateCoreDataTests/Info.plist;
				LD_RUNPATH_SEARCH_PATHS = "$(inherited) @executable_path/Frameworks @loader_path/Frameworks";
				PRODUCT_NAME = "$(TARGET_NAME)";
				TEST_HOST = "$(BUILT_PRODUCTS_DIR)/TamplateCoreData.app/TamplateCoreData";
			};
			name = Release;
		};
/* End XCBuildConfiguration section */

/* Begin XCConfigurationList section */
		81726F541B0778AC007B40D0 /* Build configuration list for PBXProject "TamplateCoreData" */ = {
			isa = XCConfigurationList;
			buildConfigurations = (
				81726F7D1B0778AC007B40D0 /* Debug */,
				81726F7E1B0778AC007B40D0 /* Release */,
			);
			defaultConfigurationIsVisible = 0;
			defaultConfigurationName = Release;
		};
		81726F7F1B0778AC007B40D0 /* Build configuration list for PBXNativeTarget "TamplateCoreData" */ = {
			isa = XCConfigurationList;
			buildConfigurations = (
				81726F801B0778AC007B40D0 /* Debug */,
				81726F811B0778AC007B40D0 /* Release */,
			);
			defaultConfigurationIsVisible = 0;
		};
		81726F821B0778AC007B40D0 /* Build configuration list for PBXNativeTarget "TamplateCoreDataTests" */ = {
			isa = XCConfigurationList;
			buildConfigurations = (
				81726F831B0778AC007B40D0 /* Debug */,
				81726F841B0778AC007B40D0 /* Release */,
			);
			defaultConfigurationIsVisible = 0;
		};
/* End XCConfigurationList section */

/* Begin XCVersionGroup section */
		81726F631B0778AC007B40D0 /* TamplateCoreData.xcdatamodeld */ = {
			isa = XCVersionGroup;
			children = (
				81726F641B0778AC007B40D0 /* TamplateCoreData.xcdatamodel */,
			);
			currentVersion = 81726F641B0778AC007B40D0 /* TamplateCoreData.xcdatamodel */;
			path = TamplateCoreData.xcdatamodeld;
			sourceTree = "<group>";
			versionGroupType = wrapper.xcdatamodel;
		};
/* End XCVersionGroup section */
	};
	rootObject = 81726F511B0778AC007B40D0 /* Project object */;
}
