// !$*UTF8*$!
{
	archiveVersion = 1;
	classes = {
	};
	objectVersion = 46;
	objects = {

/* Begin PBXBuildFile section */
		811D04031B1A1FCA00DF2016 /* AppDelegate.swift in Sources */ = {isa = PBXBuildFile; fileRef = 811D04021B1A1FCA00DF2016 /* AppDelegate.swift */; };
		811D04051B1A1FCA00DF2016 /* ViewController.swift in Sources */ = {isa = PBXBuildFile; fileRef = 811D04041B1A1FCA00DF2016 /* ViewController.swift */; };
		811D04081B1A1FCA00DF2016 /* Main.storyboard in Resources */ = {isa = PBXBuildFile; fileRef = 811D04061B1A1FCA00DF2016 /* Main.storyboard */; };
		811D040A1B1A1FCA00DF2016 /* Images.xcassets in Resources */ = {isa = PBXBuildFile; fileRef = 811D04091B1A1FCA00DF2016 /* Images.xcassets */; };
		811D040D1B1A1FCA00DF2016 /* LaunchScreen.xib in Resources */ = {isa = PBXBuildFile; fileRef = 811D040B1B1A1FCA00DF2016 /* LaunchScreen.xib */; };
		811D04191B1A1FCA00DF2016 /* SwiftPadraoTests.swift in Sources */ = {isa = PBXBuildFile; fileRef = 811D04181B1A1FCA00DF2016 /* SwiftPadraoTests.swift */; };
/* End PBXBuildFile section */

/* Begin PBXContainerItemProxy section */
		811D04131B1A1FCA00DF2016 /* PBXContainerItemProxy */ = {
			isa = PBXContainerItemProxy;
			containerPortal = 811D03F51B1A1FCA00DF2016 /* Project object */;
			proxyType = 1;
			remoteGlobalIDString = 811D03FC1B1A1FCA00DF2016;
			remoteInfo = SwiftPadrao;
		};
/* End PBXContainerItemProxy section */

/* Begin PBXFileReference section */
		811D03FD1B1A1FCA00DF2016 /* SwiftPadrao.app */ = {isa = PBXFileReference; explicitFileType = wrapper.application; includeInIndex = 0; path = SwiftPadrao.app; sourceTree = BUILT_PRODUCTS_DIR; };
		811D04011B1A1FCA00DF2016 /* Info.plist */ = {isa = PBXFileReference; lastKnownFileType = text.plist.xml; path = Info.plist; sourceTree = "<group>"; };
		811D04021B1A1FCA00DF2016 /* AppDelegate.swift */ = {isa = PBXFileReference; lastKnownFileType = sourcecode.swift; path = AppDelegate.swift; sourceTree = "<group>"; };
		811D04041B1A1FCA00DF2016 /* ViewController.swift */ = {isa = PBXFileReference; lastKnownFileType = sourcecode.swift; path = ViewController.swift; sourceTree = "<group>"; };
		811D04071B1A1FCA00DF2016 /* Base */ = {isa = PBXFileReference; lastKnownFileType = file.storyboard; name = Base; path = Base.lproj/Main.storyboard; sourceTree = "<group>"; };
		811D04091B1A1FCA00DF2016 /* Images.xcassets */ = {isa = PBXFileReference; lastKnownFileType = folder.assetcatalog; path = Images.xcassets; sourceTree = "<group>"; };
		811D040C1B1A1FCA00DF2016 /* Base */ = {isa = PBXFileReference; lastKnownFileType = file.xib; name = Base; path = Base.lproj/LaunchScreen.xib; sourceTree = "<group>"; };
		811D04121B1A1FCA00DF2016 /* SwiftPadraoTests.xctest */ = {isa = PBXFileReference; explicitFileType = wrapper.cfbundle; includeInIndex = 0; path = SwiftPadraoTests.xctest; sourceTree = BUILT_PRODUCTS_DIR; };
		811D04171B1A1FCA00DF2016 /* Info.plist */ = {isa = PBXFileReference; lastKnownFileType = text.plist.xml; path = Info.plist; sourceTree = "<group>"; };
		811D04181B1A1FCA00DF2016 /* SwiftPadraoTests.swift */ = {isa = PBXFileReference; lastKnownFileType = sourcecode.swift; path = SwiftPadraoTests.swift; sourceTree = "<group>"; };
/* End PBXFileReference section */

/* Begin PBXFrameworksBuildPhase section */
		811D03FA1B1A1FCA00DF2016 /* Frameworks */ = {
			isa = PBXFrameworksBuildPhase;
			buildActionMask = 2147483647;
			files = (
			);
			runOnlyForDeploymentPostprocessing = 0;
		};
		811D040F1B1A1FCA00DF2016 /* Frameworks */ = {
			isa = PBXFrameworksBuildPhase;
			buildActionMask = 2147483647;
			files = (
			);
			runOnlyForDeploymentPostprocessing = 0;
		};
/* End PBXFrameworksBuildPhase section */

/* Begin PBXGroup section */
		811D03F41B1A1FCA00DF2016 = {
			isa = PBXGroup;
			children = (
				811D03FF1B1A1FCA00DF2016 /* SwiftPadrao */,
				811D04151B1A1FCA00DF2016 /* SwiftPadraoTests */,
				811D03FE1B1A1FCA00DF2016 /* Products */,
			);
			sourceTree = "<group>";
		};
		811D03FE1B1A1FCA00DF2016 /* Products */ = {
			isa = PBXGroup;
			children = (
				811D03FD1B1A1FCA00DF2016 /* SwiftPadrao.app */,
				811D04121B1A1FCA00DF2016 /* SwiftPadraoTests.xctest */,
			);
			name = Products;
			sourceTree = "<group>";
		};
		811D03FF1B1A1FCA00DF2016 /* SwiftPadrao */ = {
			isa = PBXGroup;
			children = (
				811D04021B1A1FCA00DF2016 /* AppDelegate.swift */,
				811D04041B1A1FCA00DF2016 /* ViewController.swift */,
				811D04061B1A1FCA00DF2016 /* Main.storyboard */,
				811D04091B1A1FCA00DF2016 /* Images.xcassets */,
				811D040B1B1A1FCA00DF2016 /* LaunchScreen.xib */,
				811D04001B1A1FCA00DF2016 /* Supporting Files */,
			);
			path = SwiftPadrao;
			sourceTree = "<group>";
		};
		811D04001B1A1FCA00DF2016 /* Supporting Files */ = {
			isa = PBXGroup;
			children = (
				811D04011B1A1FCA00DF2016 /* Info.plist */,
			);
			name = "Supporting Files";
			sourceTree = "<group>";
		};
		811D04151B1A1FCA00DF2016 /* SwiftPadraoTests */ = {
			isa = PBXGroup;
			children = (
				811D04181B1A1FCA00DF2016 /* SwiftPadraoTests.swift */,
				811D04161B1A1FCA00DF2016 /* Supporting Files */,
			);
			path = SwiftPadraoTests;
			sourceTree = "<group>";
		};
		811D04161B1A1FCA00DF2016 /* Supporting Files */ = {
			isa = PBXGroup;
			children = (
				811D04171B1A1FCA00DF2016 /* Info.plist */,
			);
			name = "Supporting Files";
			sourceTree = "<group>";
		};
/* End PBXGroup section */

/* Begin PBXNativeTarget section */
		811D03FC1B1A1FCA00DF2016 /* SwiftPadrao */ = {
			isa = PBXNativeTarget;
			buildConfigurationList = 811D041C1B1A1FCA00DF2016 /* Build configuration list for PBXNativeTarget "SwiftPadrao" */;
			buildPhases = (
				811D03F91B1A1FCA00DF2016 /* Sources */,
				811D03FA1B1A1FCA00DF2016 /* Frameworks */,
				811D03FB1B1A1FCA00DF2016 /* Resources */,
			);
			buildRules = (
			);
			dependencies = (
			);
			name = SwiftPadrao;
			productName = SwiftPadrao;
			productReference = 811D03FD1B1A1FCA00DF2016 /* SwiftPadrao.app */;
			productType = "com.apple.product-type.application";
		};
		811D04111B1A1FCA00DF2016 /* SwiftPadraoTests */ = {
			isa = PBXNativeTarget;
			buildConfigurationList = 811D041F1B1A1FCA00DF2016 /* Build configuration list for PBXNativeTarget "SwiftPadraoTests" */;
			buildPhases = (
				811D040E1B1A1FCA00DF2016 /* Sources */,
				811D040F1B1A1FCA00DF2016 /* Frameworks */,
				811D04101B1A1FCA00DF2016 /* Resources */,
			);
			buildRules = (
			);
			dependencies = (
				811D04141B1A1FCA00DF2016 /* PBXTargetDependency */,
			);
			name = SwiftPadraoTests;
			productName = SwiftPadraoTests;
			productReference = 811D04121B1A1FCA00DF2016 /* SwiftPadraoTests.xctest */;
			productType = "com.apple.product-type.bundle.unit-test";
		};
/* End PBXNativeTarget section */

/* Begin PBXProject section */
		811D03F51B1A1FCA00DF2016 /* Project object */ = {
			isa = PBXProject;
			attributes = {
				LastUpgradeCheck = 0630;
				ORGANIZATIONNAME = ios;
				TargetAttributes = {
					811D03FC1B1A1FCA00DF2016 = {
						CreatedOnToolsVersion = 6.3.2;
					};
					811D04111B1A1FCA00DF2016 = {
						CreatedOnToolsVersion = 6.3.2;
						TestTargetID = 811D03FC1B1A1FCA00DF2016;
					};
				};
			};
			buildConfigurationList = 811D03F81B1A1FCA00DF2016 /* Build configuration list for PBXProject "SwiftPadrao" */;
			compatibilityVersion = "Xcode 3.2";
			developmentRegion = English;
			hasScannedForEncodings = 0;
			knownRegions = (
				en,
				Base,
			);
			mainGroup = 811D03F41B1A1FCA00DF2016;
			productRefGroup = 811D03FE1B1A1FCA00DF2016 /* Products */;
			projectDirPath = "";
			projectRoot = "";
			targets = (
				811D03FC1B1A1FCA00DF2016 /* SwiftPadrao */,
				811D04111B1A1FCA00DF2016 /* SwiftPadraoTests */,
			);
		};
/* End PBXProject section */

/* Begin PBXResourcesBuildPhase section */
		811D03FB1B1A1FCA00DF2016 /* Resources */ = {
			isa = PBXResourcesBuildPhase;
			buildActionMask = 2147483647;
			files = (
				811D04081B1A1FCA00DF2016 /* Main.storyboard in Resources */,
				811D040D1B1A1FCA00DF2016 /* LaunchScreen.xib in Resources */,
				811D040A1B1A1FCA00DF2016 /* Images.xcassets in Resources */,
			);
			runOnlyForDeploymentPostprocessing = 0;
		};
		811D04101B1A1FCA00DF2016 /* Resources */ = {
			isa = PBXResourcesBuildPhase;
			buildActionMask = 2147483647;
			files = (
			);
			runOnlyForDeploymentPostprocessing = 0;
		};
/* End PBXResourcesBuildPhase section */

/* Begin PBXSourcesBuildPhase section */
		811D03F91B1A1FCA00DF2016 /* Sources */ = {
			isa = PBXSourcesBuildPhase;
			buildActionMask = 2147483647;
			files = (
				811D04051B1A1FCA00DF2016 /* ViewController.swift in Sources */,
				811D04031B1A1FCA00DF2016 /* AppDelegate.swift in Sources */,
			);
			runOnlyForDeploymentPostprocessing = 0;
		};
		811D040E1B1A1FCA00DF2016 /* Sources */ = {
			isa = PBXSourcesBuildPhase;
			buildActionMask = 2147483647;
			files = (
				811D04191B1A1FCA00DF2016 /* SwiftPadraoTests.swift in Sources */,
			);
			runOnlyForDeploymentPostprocessing = 0;
		};
/* End PBXSourcesBuildPhase section */

/* Begin PBXTargetDependency section */
		811D04141B1A1FCA00DF2016 /* PBXTargetDependency */ = {
			isa = PBXTargetDependency;
			target = 811D03FC1B1A1FCA00DF2016 /* SwiftPadrao */;
			targetProxy = 811D04131B1A1FCA00DF2016 /* PBXContainerItemProxy */;
		};
/* End PBXTargetDependency section */

/* Begin PBXVariantGroup section */
		811D04061B1A1FCA00DF2016 /* Main.storyboard */ = {
			isa = PBXVariantGroup;
			children = (
				811D04071B1A1FCA00DF2016 /* Base */,
			);
			name = Main.storyboard;
			sourceTree = "<group>";
		};
		811D040B1B1A1FCA00DF2016 /* LaunchScreen.xib */ = {
			isa = PBXVariantGroup;
			children = (
				811D040C1B1A1FCA00DF2016 /* Base */,
			);
			name = LaunchScreen.xib;
			sourceTree = "<group>";
		};
/* End PBXVariantGroup section */

/* Begin XCBuildConfiguration section */
		811D041A1B1A1FCA00DF2016 /* Debug */ = {
			isa = XCBuildConfiguration;
			buildSettings = {
				ALWAYS_SEARCH_USER_PATHS = NO;
				CLANG_CXX_LANGUAGE_STANDARD = "gnu++0x";
				CLANG_CXX_LIBRARY = "libc++";
				CLANG_ENABLE_MODULES = YES;
				CLANG_ENABLE_OBJC_ARC = YES;
				CLANG_WARN_BOOL_CONVERSION = YES;
				CLANG_WARN_CONSTANT_CONVERSION = YES;
				CLANG_WARN_DIRECT_OBJC_ISA_USAGE = YES_ERROR;
				CLANG_WARN_EMPTY_BODY = YES;
				CLANG_WARN_ENUM_CONVERSION = YES;
				CLANG_WARN_INT_CONVERSION = YES;
				CLANG_WARN_OBJC_ROOT_CLASS = YES_ERROR;
				CLANG_WARN_UNREACHABLE_CODE = YES;
				CLANG_WARN__DUPLICATE_METHOD_MATCH = YES;
				"CODE_SIGN_IDENTITY[sdk=iphoneos*]" = "iPhone Developer";
				COPY_PHASE_STRIP = NO;
				DEBUG_INFORMATION_FORMAT = "dwarf-with-dsym";
				ENABLE_STRICT_OBJC_MSGSEND = YES;
				GCC_C_LANGUAGE_STANDARD = gnu99;
				GCC_DYNAMIC_NO_PIC = NO;
				GCC_NO_COMMON_BLOCKS = YES;
				GCC_OPTIMIZATION_LEVEL = 0;
				GCC_PREPROCESSOR_DEFINITIONS = (
					"DEBUG=1",
					"$(inherited)",
				);
				GCC_SYMBOLS_PRIVATE_EXTERN = NO;
				GCC_WARN_64_TO_32_BIT_CONVERSION = YES;
				GCC_WARN_ABOUT_RETURN_TYPE = YES_ERROR;
				GCC_WARN_UNDECLARED_SELECTOR = YES;
				GCC_WARN_UNINITIALIZED_AUTOS = YES_AGGRESSIVE;
				GCC_WARN_UNUSED_FUNCTION = YES;
				GCC_WARN_UNUSED_VARIABLE = YES;
				IPHONEOS_DEPLOYMENT_TARGET = 8.3;
				MTL_ENABLE_DEBUG_INFO = YES;
				ONLY_ACTIVE_ARCH = YES;
				SDKROOT = iphoneos;
				SWIFT_OPTIMIZATION_LEVEL = "-Onone";
			};
			name = Debug;
		};
		811D041B1B1A1FCA00DF2016 /* Release */ = {
			isa = XCBuildConfiguration;
			buildSettings = {
				ALWAYS_SEARCH_USER_PATHS = NO;
				CLANG_CXX_LANGUAGE_STANDARD = "gnu++0x";
				CLANG_CXX_LIBRARY = "libc++";
				CLANG_ENABLE_MODULES = YES;
				CLANG_ENABLE_OBJC_ARC = YES;
				CLANG_WARN_BOOL_CONVERSION = YES;
				CLANG_WARN_CONSTANT_CONVERSION = YES;
				CLANG_WARN_DIRECT_OBJC_ISA_USAGE = YES_ERROR;
				CLANG_WARN_EMPTY_BODY = YES;
				CLANG_WARN_ENUM_CONVERSION = YES;
				CLANG_WARN_INT_CONVERSION = YES;
				CLANG_WARN_OBJC_ROOT_CLASS = YES_ERROR;
				CLANG_WARN_UNREACHABLE_CODE = YES;
				CLANG_WARN__DUPLICATE_METHOD_MATCH = YES;
				"CODE_SIGN_IDENTITY[sdk=iphoneos*]" = "iPhone Developer";
				COPY_PHASE_STRIP = NO;
				DEBUG_INFORMATION_FORMAT = "dwarf-with-dsym";
				ENABLE_NS_ASSERTIONS = NO;
				ENABLE_STRICT_OBJC_MSGSEND = YES;
				GCC_C_LANGUAGE_STANDARD = gnu99;
				GCC_NO_COMMON_BLOCKS = YES;
				GCC_WARN_64_TO_32_BIT_CONVERSION = YES;
				GCC_WARN_ABOUT_RETURN_TYPE = YES_ERROR;
				GCC_WARN_UNDECLARED_SELECTOR = YES;
				GCC_WARN_UNINITIALIZED_AUTOS = YES_AGGRESSIVE;
				GCC_WARN_UNUSED_FUNCTION = YES;
				GCC_WARN_UNUSED_VARIABLE = YES;
				IPHONEOS_DEPLOYMENT_TARGET = 8.3;
				MTL_ENABLE_DEBUG_INFO = NO;
				SDKROOT = iphoneos;
				VALIDATE_PRODUCT = YES;
			};
			name = Release;
		};
		811D041D1B1A1FCA00DF2016 /* Debug */ = {
			isa = XCBuildConfiguration;
			buildSettings = {
				ASSETCATALOG_COMPILER_APPICON_NAME = AppIcon;
				INFOPLIST_FILE = SwiftPadrao/Info.plist;
				LD_RUNPATH_SEARCH_PATHS = "$(inherited) @executable_path/Frameworks";
				PRODUCT_NAME = "$(TARGET_NAME)";
			};
			name = Debug;
		};
		811D041E1B1A1FCA00DF2016 /* Release */ = {
			isa = XCBuildConfiguration;
			buildSettings = {
				ASSETCATALOG_COMPILER_APPICON_NAME = AppIcon;
				INFOPLIST_FILE = SwiftPadrao/Info.plist;
				LD_RUNPATH_SEARCH_PATHS = "$(inherited) @executable_path/Frameworks";
				PRODUCT_NAME = "$(TARGET_NAME)";
			};
			name = Release;
		};
		811D04201B1A1FCA00DF2016 /* Debug */ = {
			isa = XCBuildConfiguration;
			buildSettings = {
				BUNDLE_LOADER = "$(TEST_HOST)";
				FRAMEWORK_SEARCH_PATHS = (
					"$(SDKROOT)/Developer/Library/Frameworks",
					"$(inherited)",
				);
				GCC_PREPROCESSOR_DEFINITIONS = (
					"DEBUG=1",
					"$(inherited)",
				);
				INFOPLIST_FILE = SwiftPadraoTests/Info.plist;
				LD_RUNPATH_SEARCH_PATHS = "$(inherited) @executable_path/Frameworks @loader_path/Frameworks";
				PRODUCT_NAME = "$(TARGET_NAME)";
				TEST_HOST = "$(BUILT_PRODUCTS_DIR)/SwiftPadrao.app/SwiftPadrao";
			};
			name = Debug;
		};
		811D04211B1A1FCA00DF2016 /* Release */ = {
			isa = XCBuildConfiguration;
			buildSettings = {
				BUNDLE_LOADER = "$(TEST_HOST)";
				FRAMEWORK_SEARCH_PATHS = (
					"$(SDKROOT)/Developer/Library/Frameworks",
					"$(inherited)",
				);
				INFOPLIST_FILE = SwiftPadraoTests/Info.plist;
				LD_RUNPATH_SEARCH_PATHS = "$(inherited) @executable_path/Frameworks @loader_path/Frameworks";
				PRODUCT_NAME = "$(TARGET_NAME)";
				TEST_HOST = "$(BUILT_PRODUCTS_DIR)/SwiftPadrao.app/SwiftPadrao";
			};
			name = Release;
		};
/* End XCBuildConfiguration section */

/* Begin XCConfigurationList section */
		811D03F81B1A1FCA00DF2016 /* Build configuration list for PBXProject "SwiftPadrao" */ = {
			isa = XCConfigurationList;
			buildConfigurations = (
				811D041A1B1A1FCA00DF2016 /* Debug */,
				811D041B1B1A1FCA00DF2016 /* Release */,
			);
			defaultConfigurationIsVisible = 0;
			defaultConfigurationName = Release;
		};
		811D041C1B1A1FCA00DF2016 /* Build configuration list for PBXNativeTarget "SwiftPadrao" */ = {
			isa = XCConfigurationList;
			buildConfigurations = (
				811D041D1B1A1FCA00DF2016 /* Debug */,
				811D041E1B1A1FCA00DF2016 /* Release */,
			);
			defaultConfigurationIsVisible = 0;
		};
		811D041F1B1A1FCA00DF2016 /* Build configuration list for PBXNativeTarget "SwiftPadraoTests" */ = {
			isa = XCConfigurationList;
			buildConfigurations = (
				811D04201B1A1FCA00DF2016 /* Debug */,
				811D04211B1A1FCA00DF2016 /* Release */,
			);
			defaultConfigurationIsVisible = 0;
		};
/* End XCConfigurationList section */
	};
	rootObject = 811D03F51B1A1FCA00DF2016 /* Project object */;
}
