// !$*UTF8*$!
{
	archiveVersion = 1;
	classes = {
	};
	objectVersion = 46;
	objects = {

/* Begin PBXBuildFile section */
		816166191ABD98F300DEF518 /* main.m in Sources */ = {isa = PBXBuildFile; fileRef = 816166181ABD98F300DEF518 /* main.m */; };
		8161661C1ABD98F300DEF518 /* AppDelegate.m in Sources */ = {isa = PBXBuildFile; fileRef = 8161661B1ABD98F300DEF518 /* AppDelegate.m */; };
		8161661F1ABD98F300DEF518 /* ViewController.m in Sources */ = {isa = PBXBuildFile; fileRef = 8161661E1ABD98F300DEF518 /* ViewController.m */; };
		816166221ABD98F300DEF518 /* Main.storyboard in Resources */ = {isa = PBXBuildFile; fileRef = 816166201ABD98F300DEF518 /* Main.storyboard */; };
		816166241ABD98F300DEF518 /* Images.xcassets in Resources */ = {isa = PBXBuildFile; fileRef = 816166231ABD98F300DEF518 /* Images.xcassets */; };
		816166271ABD98F300DEF518 /* LaunchScreen.xib in Resources */ = {isa = PBXBuildFile; fileRef = 816166251ABD98F300DEF518 /* LaunchScreen.xib */; };
		816166331ABD98F400DEF518 /* helloworldTests.m in Sources */ = {isa = PBXBuildFile; fileRef = 816166321ABD98F400DEF518 /* helloworldTests.m */; };
/* End PBXBuildFile section */

/* Begin PBXContainerItemProxy section */
		8161662D1ABD98F400DEF518 /* PBXContainerItemProxy */ = {
			isa = PBXContainerItemProxy;
			containerPortal = 8161660B1ABD98F300DEF518 /* Project object */;
			proxyType = 1;
			remoteGlobalIDString = 816166121ABD98F300DEF518;
			remoteInfo = helloworld;
		};
/* End PBXContainerItemProxy section */

/* Begin PBXFileReference section */
		816166131ABD98F300DEF518 /* helloworld.app */ = {isa = PBXFileReference; explicitFileType = wrapper.application; includeInIndex = 0; path = helloworld.app; sourceTree = BUILT_PRODUCTS_DIR; };
		816166171ABD98F300DEF518 /* Info.plist */ = {isa = PBXFileReference; lastKnownFileType = text.plist.xml; path = Info.plist; sourceTree = "<group>"; };
		816166181ABD98F300DEF518 /* main.m */ = {isa = PBXFileReference; lastKnownFileType = sourcecode.c.objc; path = main.m; sourceTree = "<group>"; };
		8161661A1ABD98F300DEF518 /* AppDelegate.h */ = {isa = PBXFileReference; lastKnownFileType = sourcecode.c.h; path = AppDelegate.h; sourceTree = "<group>"; };
		8161661B1ABD98F300DEF518 /* AppDelegate.m */ = {isa = PBXFileReference; lastKnownFileType = sourcecode.c.objc; path = AppDelegate.m; sourceTree = "<group>"; };
		8161661D1ABD98F300DEF518 /* ViewController.h */ = {isa = PBXFileReference; lastKnownFileType = sourcecode.c.h; path = ViewController.h; sourceTree = "<group>"; };
		8161661E1ABD98F300DEF518 /* ViewController.m */ = {isa = PBXFileReference; lastKnownFileType = sourcecode.c.objc; path = ViewController.m; sourceTree = "<group>"; };
		816166211ABD98F300DEF518 /* Base */ = {isa = PBXFileReference; lastKnownFileType = file.storyboard; name = Base; path = Base.lproj/Main.storyboard; sourceTree = "<group>"; };
		816166231ABD98F300DEF518 /* Images.xcassets */ = {isa = PBXFileReference; lastKnownFileType = folder.assetcatalog; path = Images.xcassets; sourceTree = "<group>"; };
		816166261ABD98F300DEF518 /* Base */ = {isa = PBXFileReference; lastKnownFileType = file.xib; name = Base; path = Base.lproj/LaunchScreen.xib; sourceTree = "<group>"; };
		8161662C1ABD98F400DEF518 /* helloworldTests.xctest */ = {isa = PBXFileReference; explicitFileType = wrapper.cfbundle; includeInIndex = 0; path = helloworldTests.xctest; sourceTree = BUILT_PRODUCTS_DIR; };
		816166311ABD98F400DEF518 /* Info.plist */ = {isa = PBXFileReference; lastKnownFileType = text.plist.xml; path = Info.plist; sourceTree = "<group>"; };
		816166321ABD98F400DEF518 /* helloworldTests.m */ = {isa = PBXFileReference; lastKnownFileType = sourcecode.c.objc; path = helloworldTests.m; sourceTree = "<group>"; };
/* End PBXFileReference section */

/* Begin PBXFrameworksBuildPhase section */
		816166101ABD98F300DEF518 /* Frameworks */ = {
			isa = PBXFrameworksBuildPhase;
			buildActionMask = 2147483647;
			files = (
			);
			runOnlyForDeploymentPostprocessing = 0;
		};
		816166291ABD98F400DEF518 /* Frameworks */ = {
			isa = PBXFrameworksBuildPhase;
			buildActionMask = 2147483647;
			files = (
			);
			runOnlyForDeploymentPostprocessing = 0;
		};
/* End PBXFrameworksBuildPhase section */

/* Begin PBXGroup section */
		8161660A1ABD98F300DEF518 = {
			isa = PBXGroup;
			children = (
				816166151ABD98F300DEF518 /* helloworld */,
				8161662F1ABD98F400DEF518 /* helloworldTests */,
				816166141ABD98F300DEF518 /* Products */,
			);
			sourceTree = "<group>";
		};
		816166141ABD98F300DEF518 /* Products */ = {
			isa = PBXGroup;
			children = (
				816166131ABD98F300DEF518 /* helloworld.app */,
				8161662C1ABD98F400DEF518 /* helloworldTests.xctest */,
			);
			name = Products;
			sourceTree = "<group>";
		};
		816166151ABD98F300DEF518 /* helloworld */ = {
			isa = PBXGroup;
			children = (
				8161661A1ABD98F300DEF518 /* AppDelegate.h */,
				8161661B1ABD98F300DEF518 /* AppDelegate.m */,
				8161661D1ABD98F300DEF518 /* ViewController.h */,
				8161661E1ABD98F300DEF518 /* ViewController.m */,
				816166201ABD98F300DEF518 /* Main.storyboard */,
				816166231ABD98F300DEF518 /* Images.xcassets */,
				816166251ABD98F300DEF518 /* LaunchScreen.xib */,
				816166161ABD98F300DEF518 /* Supporting Files */,
			);
			path = helloworld;
			sourceTree = "<group>";
		};
		816166161ABD98F300DEF518 /* Supporting Files */ = {
			isa = PBXGroup;
			children = (
				816166171ABD98F300DEF518 /* Info.plist */,
				816166181ABD98F300DEF518 /* main.m */,
			);
			name = "Supporting Files";
			sourceTree = "<group>";
		};
		8161662F1ABD98F400DEF518 /* helloworldTests */ = {
			isa = PBXGroup;
			children = (
				816166321ABD98F400DEF518 /* helloworldTests.m */,
				816166301ABD98F400DEF518 /* Supporting Files */,
			);
			path = helloworldTests;
			sourceTree = "<group>";
		};
		816166301ABD98F400DEF518 /* Supporting Files */ = {
			isa = PBXGroup;
			children = (
				816166311ABD98F400DEF518 /* Info.plist */,
			);
			name = "Supporting Files";
			sourceTree = "<group>";
		};
/* End PBXGroup section */

/* Begin PBXNativeTarget section */
		816166121ABD98F300DEF518 /* helloworld */ = {
			isa = PBXNativeTarget;
			buildConfigurationList = 816166361ABD98F400DEF518 /* Build configuration list for PBXNativeTarget "helloworld" */;
			buildPhases = (
				8161660F1ABD98F300DEF518 /* Sources */,
				816166101ABD98F300DEF518 /* Frameworks */,
				816166111ABD98F300DEF518 /* Resources */,
			);
			buildRules = (
			);
			dependencies = (
			);
			name = helloworld;
			productName = helloworld;
			productReference = 816166131ABD98F300DEF518 /* helloworld.app */;
			productType = "com.apple.product-type.application";
		};
		8161662B1ABD98F400DEF518 /* helloworldTests */ = {
			isa = PBXNativeTarget;
			buildConfigurationList = 816166391ABD98F400DEF518 /* Build configuration list for PBXNativeTarget "helloworldTests" */;
			buildPhases = (
				816166281ABD98F400DEF518 /* Sources */,
				816166291ABD98F400DEF518 /* Frameworks */,
				8161662A1ABD98F400DEF518 /* Resources */,
			);
			buildRules = (
			);
			dependencies = (
				8161662E1ABD98F400DEF518 /* PBXTargetDependency */,
			);
			name = helloworldTests;
			productName = helloworldTests;
			productReference = 8161662C1ABD98F400DEF518 /* helloworldTests.xctest */;
			productType = "com.apple.product-type.bundle.unit-test";
		};
/* End PBXNativeTarget section */

/* Begin PBXProject section */
		8161660B1ABD98F300DEF518 /* Project object */ = {
			isa = PBXProject;
			attributes = {
				LastUpgradeCheck = 0610;
				ORGANIZATIONNAME = ios;
				TargetAttributes = {
					816166121ABD98F300DEF518 = {
						CreatedOnToolsVersion = 6.1;
					};
					8161662B1ABD98F400DEF518 = {
						CreatedOnToolsVersion = 6.1;
						TestTargetID = 816166121ABD98F300DEF518;
					};
				};
			};
			buildConfigurationList = 8161660E1ABD98F300DEF518 /* Build configuration list for PBXProject "helloworld" */;
			compatibilityVersion = "Xcode 3.2";
			developmentRegion = English;
			hasScannedForEncodings = 0;
			knownRegions = (
				en,
				Base,
			);
			mainGroup = 8161660A1ABD98F300DEF518;
			productRefGroup = 816166141ABD98F300DEF518 /* Products */;
			projectDirPath = "";
			projectRoot = "";
			targets = (
				816166121ABD98F300DEF518 /* helloworld */,
				8161662B1ABD98F400DEF518 /* helloworldTests */,
			);
		};
/* End PBXProject section */

/* Begin PBXResourcesBuildPhase section */
		816166111ABD98F300DEF518 /* Resources */ = {
			isa = PBXResourcesBuildPhase;
			buildActionMask = 2147483647;
			files = (
				816166221ABD98F300DEF518 /* Main.storyboard in Resources */,
				816166271ABD98F300DEF518 /* LaunchScreen.xib in Resources */,
				816166241ABD98F300DEF518 /* Images.xcassets in Resources */,
			);
			runOnlyForDeploymentPostprocessing = 0;
		};
		8161662A1ABD98F400DEF518 /* Resources */ = {
			isa = PBXResourcesBuildPhase;
			buildActionMask = 2147483647;
			files = (
			);
			runOnlyForDeploymentPostprocessing = 0;
		};
/* End PBXResourcesBuildPhase section */

/* Begin PBXSourcesBuildPhase section */
		8161660F1ABD98F300DEF518 /* Sources */ = {
			isa = PBXSourcesBuildPhase;
			buildActionMask = 2147483647;
			files = (
				8161661F1ABD98F300DEF518 /* ViewController.m in Sources */,
				8161661C1ABD98F300DEF518 /* AppDelegate.m in Sources */,
				816166191ABD98F300DEF518 /* main.m in Sources */,
			);
			runOnlyForDeploymentPostprocessing = 0;
		};
		816166281ABD98F400DEF518 /* Sources */ = {
			isa = PBXSourcesBuildPhase;
			buildActionMask = 2147483647;
			files = (
				816166331ABD98F400DEF518 /* helloworldTests.m in Sources */,
			);
			runOnlyForDeploymentPostprocessing = 0;
		};
/* End PBXSourcesBuildPhase section */

/* Begin PBXTargetDependency section */
		8161662E1ABD98F400DEF518 /* PBXTargetDependency */ = {
			isa = PBXTargetDependency;
			target = 816166121ABD98F300DEF518 /* helloworld */;
			targetProxy = 8161662D1ABD98F400DEF518 /* PBXContainerItemProxy */;
		};
/* End PBXTargetDependency section */

/* Begin PBXVariantGroup section */
		816166201ABD98F300DEF518 /* Main.storyboard */ = {
			isa = PBXVariantGroup;
			children = (
				816166211ABD98F300DEF518 /* Base */,
			);
			name = Main.storyboard;
			sourceTree = "<group>";
		};
		816166251ABD98F300DEF518 /* LaunchScreen.xib */ = {
			isa = PBXVariantGroup;
			children = (
				816166261ABD98F300DEF518 /* Base */,
			);
			name = LaunchScreen.xib;
			sourceTree = "<group>";
		};
/* End PBXVariantGroup section */

/* Begin XCBuildConfiguration section */
		816166341ABD98F400DEF518 /* Debug */ = {
			isa = XCBuildConfiguration;
			buildSettings = {
				ALWAYS_SEARCH_USER_PATHS = NO;
				CLANG_CXX_LANGUAGE_STANDARD = "gnu++0x";
				CLANG_CXX_LIBRARY = "libc++";
				CLANG_ENABLE_MODULES = YES;
				CLANG_ENABLE_OBJC_ARC = YES;
				CLANG_WARN_BOOL_CONVERSION = YES;
				CLANG_WARN_CONSTANT_CONVERSION = YES;
				CLANG_WARN_DIRECT_OBJC_ISA_USAGE = YES_ERROR;
				CLANG_WARN_EMPTY_BODY = YES;
				CLANG_WARN_ENUM_CONVERSION = YES;
				CLANG_WARN_INT_CONVERSION = YES;
				CLANG_WARN_OBJC_ROOT_CLASS = YES_ERROR;
				CLANG_WARN_UNREACHABLE_CODE = YES;
				CLANG_WARN__DUPLICATE_METHOD_MATCH = YES;
				"CODE_SIGN_IDENTITY[sdk=iphoneos*]" = "iPhone Developer";
				COPY_PHASE_STRIP = NO;
				ENABLE_STRICT_OBJC_MSGSEND = YES;
				GCC_C_LANGUAGE_STANDARD = gnu99;
				GCC_DYNAMIC_NO_PIC = NO;
				GCC_OPTIMIZATION_LEVEL = 0;
				GCC_PREPROCESSOR_DEFINITIONS = (
					"DEBUG=1",
					"$(inherited)",
				);
				GCC_SYMBOLS_PRIVATE_EXTERN = NO;
				GCC_WARN_64_TO_32_BIT_CONVERSION = YES;
				GCC_WARN_ABOUT_RETURN_TYPE = YES_ERROR;
				GCC_WARN_UNDECLARED_SELECTOR = YES;
				GCC_WARN_UNINITIALIZED_AUTOS = YES_AGGRESSIVE;
				GCC_WARN_UNUSED_FUNCTION = YES;
				GCC_WARN_UNUSED_VARIABLE = YES;
				IPHONEOS_DEPLOYMENT_TARGET = 8.1;
				MTL_ENABLE_DEBUG_INFO = YES;
				ONLY_ACTIVE_ARCH = YES;
				SDKROOT = iphoneos;
			};
			name = Debug;
		};
		816166351ABD98F400DEF518 /* Release */ = {
			isa = XCBuildConfiguration;
			buildSettings = {
				ALWAYS_SEARCH_USER_PATHS = NO;
				CLANG_CXX_LANGUAGE_STANDARD = "gnu++0x";
				CLANG_CXX_LIBRARY = "libc++";
				CLANG_ENABLE_MODULES = YES;
				CLANG_ENABLE_OBJC_ARC = YES;
				CLANG_WARN_BOOL_CONVERSION = YES;
				CLANG_WARN_CONSTANT_CONVERSION = YES;
				CLANG_WARN_DIRECT_OBJC_ISA_USAGE = YES_ERROR;
				CLANG_WARN_EMPTY_BODY = YES;
				CLANG_WARN_ENUM_CONVERSION = YES;
				CLANG_WARN_INT_CONVERSION = YES;
				CLANG_WARN_OBJC_ROOT_CLASS = YES_ERROR;
				CLANG_WARN_UNREACHABLE_CODE = YES;
				CLANG_WARN__DUPLICATE_METHOD_MATCH = YES;
				"CODE_SIGN_IDENTITY[sdk=iphoneos*]" = "iPhone Developer";
				COPY_PHASE_STRIP = YES;
				ENABLE_NS_ASSERTIONS = NO;
				ENABLE_STRICT_OBJC_MSGSEND = YES;
				GCC_C_LANGUAGE_STANDARD = gnu99;
				GCC_WARN_64_TO_32_BIT_CONVERSION = YES;
				GCC_WARN_ABOUT_RETURN_TYPE = YES_ERROR;
				GCC_WARN_UNDECLARED_SELECTOR = YES;
				GCC_WARN_UNINITIALIZED_AUTOS = YES_AGGRESSIVE;
				GCC_WARN_UNUSED_FUNCTION = YES;
				GCC_WARN_UNUSED_VARIABLE = YES;
				IPHONEOS_DEPLOYMENT_TARGET = 8.1;
				MTL_ENABLE_DEBUG_INFO = NO;
				SDKROOT = iphoneos;
				VALIDATE_PRODUCT = YES;
			};
			name = Release;
		};
		816166371ABD98F400DEF518 /* Debug */ = {
			isa = XCBuildConfiguration;
			buildSettings = {
				ASSETCATALOG_COMPILER_APPICON_NAME = AppIcon;
				INFOPLIST_FILE = helloworld/Info.plist;
				LD_RUNPATH_SEARCH_PATHS = "$(inherited) @executable_path/Frameworks";
				PRODUCT_NAME = "$(TARGET_NAME)";
			};
			name = Debug;
		};
		816166381ABD98F400DEF518 /* Release */ = {
			isa = XCBuildConfiguration;
			buildSettings = {
				ASSETCATALOG_COMPILER_APPICON_NAME = AppIcon;
				INFOPLIST_FILE = helloworld/Info.plist;
				LD_RUNPATH_SEARCH_PATHS = "$(inherited) @executable_path/Frameworks";
				PRODUCT_NAME = "$(TARGET_NAME)";
			};
			name = Release;
		};
		8161663A1ABD98F400DEF518 /* Debug */ = {
			isa = XCBuildConfiguration;
			buildSettings = {
				BUNDLE_LOADER = "$(TEST_HOST)";
				FRAMEWORK_SEARCH_PATHS = (
					"$(SDKROOT)/Developer/Library/Frameworks",
					"$(inherited)",
				);
				GCC_PREPROCESSOR_DEFINITIONS = (
					"DEBUG=1",
					"$(inherited)",
				);
				INFOPLIST_FILE = helloworldTests/Info.plist;
				LD_RUNPATH_SEARCH_PATHS = "$(inherited) @executable_path/Frameworks @loader_path/Frameworks";
				PRODUCT_NAME = "$(TARGET_NAME)";
				TEST_HOST = "$(BUILT_PRODUCTS_DIR)/helloworld.app/helloworld";
			};
			name = Debug;
		};
		8161663B1ABD98F400DEF518 /* Release */ = {
			isa = XCBuildConfiguration;
			buildSettings = {
				BUNDLE_LOADER = "$(TEST_HOST)";
				FRAMEWORK_SEARCH_PATHS = (
					"$(SDKROOT)/Developer/Library/Frameworks",
					"$(inherited)",
				);
				INFOPLIST_FILE = helloworldTests/Info.plist;
				LD_RUNPATH_SEARCH_PATHS = "$(inherited) @executable_path/Frameworks @loader_path/Frameworks";
				PRODUCT_NAME = "$(TARGET_NAME)";
				TEST_HOST = "$(BUILT_PRODUCTS_DIR)/helloworld.app/helloworld";
			};
			name = Release;
		};
/* End XCBuildConfiguration section */

/* Begin XCConfigurationList section */
		8161660E1ABD98F300DEF518 /* Build configuration list for PBXProject "helloworld" */ = {
			isa = XCConfigurationList;
			buildConfigurations = (
				816166341ABD98F400DEF518 /* Debug */,
				816166351ABD98F400DEF518 /* Release */,
			);
			defaultConfigurationIsVisible = 0;
			defaultConfigurationName = Release;
		};
		816166361ABD98F400DEF518 /* Build configuration list for PBXNativeTarget "helloworld" */ = {
			isa = XCConfigurationList;
			buildConfigurations = (
				816166371ABD98F400DEF518 /* Debug */,
				816166381ABD98F400DEF518 /* Release */,
			);
			defaultConfigurationIsVisible = 0;
		};
		816166391ABD98F400DEF518 /* Build configuration list for PBXNativeTarget "helloworldTests" */ = {
			isa = XCConfigurationList;
			buildConfigurations = (
				8161663A1ABD98F400DEF518 /* Debug */,
				8161663B1ABD98F400DEF518 /* Release */,
			);
			defaultConfigurationIsVisible = 0;
		};
/* End XCConfigurationList section */
	};
	rootObject = 8161660B1ABD98F300DEF518 /* Project object */;
}
