// !$*UTF8*$!
{
	archiveVersion = 1;
	classes = {
	};
	objectVersion = 46;
	objects = {

/* Begin PBXBuildFile section */
		81177FC21AD9815700EB86F4 /* main.m in Sources */ = {isa = PBXBuildFile; fileRef = 81177FC11AD9815700EB86F4 /* main.m */; };
		81177FC51AD9815700EB86F4 /* AppDelegate.m in Sources */ = {isa = PBXBuildFile; fileRef = 81177FC41AD9815700EB86F4 /* AppDelegate.m */; };
		81177FC81AD9815700EB86F4 /* ViewController.m in Sources */ = {isa = PBXBuildFile; fileRef = 81177FC71AD9815700EB86F4 /* ViewController.m */; };
		81177FCB1AD9815700EB86F4 /* Main.storyboard in Resources */ = {isa = PBXBuildFile; fileRef = 81177FC91AD9815700EB86F4 /* Main.storyboard */; };
		81177FCD1AD9815700EB86F4 /* Images.xcassets in Resources */ = {isa = PBXBuildFile; fileRef = 81177FCC1AD9815700EB86F4 /* Images.xcassets */; };
		81177FD01AD9815700EB86F4 /* LaunchScreen.xib in Resources */ = {isa = PBXBuildFile; fileRef = 81177FCE1AD9815700EB86F4 /* LaunchScreen.xib */; };
		81177FDC1AD9815700EB86F4 /* HelloiOSUI3_2Tests.m in Sources */ = {isa = PBXBuildFile; fileRef = 81177FDB1AD9815700EB86F4 /* HelloiOSUI3_2Tests.m */; };
/* End PBXBuildFile section */

/* Begin PBXContainerItemProxy section */
		81177FD61AD9815700EB86F4 /* PBXContainerItemProxy */ = {
			isa = PBXContainerItemProxy;
			containerPortal = 81177FB41AD9815700EB86F4 /* Project object */;
			proxyType = 1;
			remoteGlobalIDString = 81177FBB1AD9815700EB86F4;
			remoteInfo = HelloiOSUI3_2;
		};
/* End PBXContainerItemProxy section */

/* Begin PBXFileReference section */
		81177FBC1AD9815700EB86F4 /* HelloiOSUI3_2.app */ = {isa = PBXFileReference; explicitFileType = wrapper.application; includeInIndex = 0; path = HelloiOSUI3_2.app; sourceTree = BUILT_PRODUCTS_DIR; };
		81177FC01AD9815700EB86F4 /* Info.plist */ = {isa = PBXFileReference; lastKnownFileType = text.plist.xml; path = Info.plist; sourceTree = "<group>"; };
		81177FC11AD9815700EB86F4 /* main.m */ = {isa = PBXFileReference; lastKnownFileType = sourcecode.c.objc; path = main.m; sourceTree = "<group>"; };
		81177FC31AD9815700EB86F4 /* AppDelegate.h */ = {isa = PBXFileReference; lastKnownFileType = sourcecode.c.h; path = AppDelegate.h; sourceTree = "<group>"; };
		81177FC41AD9815700EB86F4 /* AppDelegate.m */ = {isa = PBXFileReference; lastKnownFileType = sourcecode.c.objc; path = AppDelegate.m; sourceTree = "<group>"; };
		81177FC61AD9815700EB86F4 /* ViewController.h */ = {isa = PBXFileReference; lastKnownFileType = sourcecode.c.h; path = ViewController.h; sourceTree = "<group>"; };
		81177FC71AD9815700EB86F4 /* ViewController.m */ = {isa = PBXFileReference; lastKnownFileType = sourcecode.c.objc; path = ViewController.m; sourceTree = "<group>"; };
		81177FCA1AD9815700EB86F4 /* Base */ = {isa = PBXFileReference; lastKnownFileType = file.storyboard; name = Base; path = Base.lproj/Main.storyboard; sourceTree = "<group>"; };
		81177FCC1AD9815700EB86F4 /* Images.xcassets */ = {isa = PBXFileReference; lastKnownFileType = folder.assetcatalog; path = Images.xcassets; sourceTree = "<group>"; };
		81177FCF1AD9815700EB86F4 /* Base */ = {isa = PBXFileReference; lastKnownFileType = file.xib; name = Base; path = Base.lproj/LaunchScreen.xib; sourceTree = "<group>"; };
		81177FD51AD9815700EB86F4 /* HelloiOSUI3_2Tests.xctest */ = {isa = PBXFileReference; explicitFileType = wrapper.cfbundle; includeInIndex = 0; path = HelloiOSUI3_2Tests.xctest; sourceTree = BUILT_PRODUCTS_DIR; };
		81177FDA1AD9815700EB86F4 /* Info.plist */ = {isa = PBXFileReference; lastKnownFileType = text.plist.xml; path = Info.plist; sourceTree = "<group>"; };
		81177FDB1AD9815700EB86F4 /* HelloiOSUI3_2Tests.m */ = {isa = PBXFileReference; lastKnownFileType = sourcecode.c.objc; path = HelloiOSUI3_2Tests.m; sourceTree = "<group>"; };
/* End PBXFileReference section */

/* Begin PBXFrameworksBuildPhase section */
		81177FB91AD9815700EB86F4 /* Frameworks */ = {
			isa = PBXFrameworksBuildPhase;
			buildActionMask = 2147483647;
			files = (
			);
			runOnlyForDeploymentPostprocessing = 0;
		};
		81177FD21AD9815700EB86F4 /* Frameworks */ = {
			isa = PBXFrameworksBuildPhase;
			buildActionMask = 2147483647;
			files = (
			);
			runOnlyForDeploymentPostprocessing = 0;
		};
/* End PBXFrameworksBuildPhase section */

/* Begin PBXGroup section */
		81177FB31AD9815700EB86F4 = {
			isa = PBXGroup;
			children = (
				81177FBE1AD9815700EB86F4 /* HelloiOSUI3_2 */,
				81177FD81AD9815700EB86F4 /* HelloiOSUI3_2Tests */,
				81177FBD1AD9815700EB86F4 /* Products */,
			);
			sourceTree = "<group>";
		};
		81177FBD1AD9815700EB86F4 /* Products */ = {
			isa = PBXGroup;
			children = (
				81177FBC1AD9815700EB86F4 /* HelloiOSUI3_2.app */,
				81177FD51AD9815700EB86F4 /* HelloiOSUI3_2Tests.xctest */,
			);
			name = Products;
			sourceTree = "<group>";
		};
		81177FBE1AD9815700EB86F4 /* HelloiOSUI3_2 */ = {
			isa = PBXGroup;
			children = (
				81177FC31AD9815700EB86F4 /* AppDelegate.h */,
				81177FC41AD9815700EB86F4 /* AppDelegate.m */,
				81177FC61AD9815700EB86F4 /* ViewController.h */,
				81177FC71AD9815700EB86F4 /* ViewController.m */,
				81177FC91AD9815700EB86F4 /* Main.storyboard */,
				81177FCC1AD9815700EB86F4 /* Images.xcassets */,
				81177FCE1AD9815700EB86F4 /* LaunchScreen.xib */,
				81177FBF1AD9815700EB86F4 /* Supporting Files */,
			);
			path = HelloiOSUI3_2;
			sourceTree = "<group>";
		};
		81177FBF1AD9815700EB86F4 /* Supporting Files */ = {
			isa = PBXGroup;
			children = (
				81177FC01AD9815700EB86F4 /* Info.plist */,
				81177FC11AD9815700EB86F4 /* main.m */,
			);
			name = "Supporting Files";
			sourceTree = "<group>";
		};
		81177FD81AD9815700EB86F4 /* HelloiOSUI3_2Tests */ = {
			isa = PBXGroup;
			children = (
				81177FDB1AD9815700EB86F4 /* HelloiOSUI3_2Tests.m */,
				81177FD91AD9815700EB86F4 /* Supporting Files */,
			);
			path = HelloiOSUI3_2Tests;
			sourceTree = "<group>";
		};
		81177FD91AD9815700EB86F4 /* Supporting Files */ = {
			isa = PBXGroup;
			children = (
				81177FDA1AD9815700EB86F4 /* Info.plist */,
			);
			name = "Supporting Files";
			sourceTree = "<group>";
		};
/* End PBXGroup section */

/* Begin PBXNativeTarget section */
		81177FBB1AD9815700EB86F4 /* HelloiOSUI3_2 */ = {
			isa = PBXNativeTarget;
			buildConfigurationList = 81177FDF1AD9815700EB86F4 /* Build configuration list for PBXNativeTarget "HelloiOSUI3_2" */;
			buildPhases = (
				81177FB81AD9815700EB86F4 /* Sources */,
				81177FB91AD9815700EB86F4 /* Frameworks */,
				81177FBA1AD9815700EB86F4 /* Resources */,
			);
			buildRules = (
			);
			dependencies = (
			);
			name = HelloiOSUI3_2;
			productName = HelloiOSUI3_2;
			productReference = 81177FBC1AD9815700EB86F4 /* HelloiOSUI3_2.app */;
			productType = "com.apple.product-type.application";
		};
		81177FD41AD9815700EB86F4 /* HelloiOSUI3_2Tests */ = {
			isa = PBXNativeTarget;
			buildConfigurationList = 81177FE21AD9815700EB86F4 /* Build configuration list for PBXNativeTarget "HelloiOSUI3_2Tests" */;
			buildPhases = (
				81177FD11AD9815700EB86F4 /* Sources */,
				81177FD21AD9815700EB86F4 /* Frameworks */,
				81177FD31AD9815700EB86F4 /* Resources */,
			);
			buildRules = (
			);
			dependencies = (
				81177FD71AD9815700EB86F4 /* PBXTargetDependency */,
			);
			name = HelloiOSUI3_2Tests;
			productName = HelloiOSUI3_2Tests;
			productReference = 81177FD51AD9815700EB86F4 /* HelloiOSUI3_2Tests.xctest */;
			productType = "com.apple.product-type.bundle.unit-test";
		};
/* End PBXNativeTarget section */

/* Begin PBXProject section */
		81177FB41AD9815700EB86F4 /* Project object */ = {
			isa = PBXProject;
			attributes = {
				LastUpgradeCheck = 0610;
				ORGANIZATIONNAME = ios;
				TargetAttributes = {
					81177FBB1AD9815700EB86F4 = {
						CreatedOnToolsVersion = 6.1;
					};
					81177FD41AD9815700EB86F4 = {
						CreatedOnToolsVersion = 6.1;
						TestTargetID = 81177FBB1AD9815700EB86F4;
					};
				};
			};
			buildConfigurationList = 81177FB71AD9815700EB86F4 /* Build configuration list for PBXProject "HelloiOSUI3_2" */;
			compatibilityVersion = "Xcode 3.2";
			developmentRegion = English;
			hasScannedForEncodings = 0;
			knownRegions = (
				en,
				Base,
			);
			mainGroup = 81177FB31AD9815700EB86F4;
			productRefGroup = 81177FBD1AD9815700EB86F4 /* Products */;
			projectDirPath = "";
			projectRoot = "";
			targets = (
				81177FBB1AD9815700EB86F4 /* HelloiOSUI3_2 */,
				81177FD41AD9815700EB86F4 /* HelloiOSUI3_2Tests */,
			);
		};
/* End PBXProject section */

/* Begin PBXResourcesBuildPhase section */
		81177FBA1AD9815700EB86F4 /* Resources */ = {
			isa = PBXResourcesBuildPhase;
			buildActionMask = 2147483647;
			files = (
				81177FCB1AD9815700EB86F4 /* Main.storyboard in Resources */,
				81177FD01AD9815700EB86F4 /* LaunchScreen.xib in Resources */,
				81177FCD1AD9815700EB86F4 /* Images.xcassets in Resources */,
			);
			runOnlyForDeploymentPostprocessing = 0;
		};
		81177FD31AD9815700EB86F4 /* Resources */ = {
			isa = PBXResourcesBuildPhase;
			buildActionMask = 2147483647;
			files = (
			);
			runOnlyForDeploymentPostprocessing = 0;
		};
/* End PBXResourcesBuildPhase section */

/* Begin PBXSourcesBuildPhase section */
		81177FB81AD9815700EB86F4 /* Sources */ = {
			isa = PBXSourcesBuildPhase;
			buildActionMask = 2147483647;
			files = (
				81177FC81AD9815700EB86F4 /* ViewController.m in Sources */,
				81177FC51AD9815700EB86F4 /* AppDelegate.m in Sources */,
				81177FC21AD9815700EB86F4 /* main.m in Sources */,
			);
			runOnlyForDeploymentPostprocessing = 0;
		};
		81177FD11AD9815700EB86F4 /* Sources */ = {
			isa = PBXSourcesBuildPhase;
			buildActionMask = 2147483647;
			files = (
				81177FDC1AD9815700EB86F4 /* HelloiOSUI3_2Tests.m in Sources */,
			);
			runOnlyForDeploymentPostprocessing = 0;
		};
/* End PBXSourcesBuildPhase section */

/* Begin PBXTargetDependency section */
		81177FD71AD9815700EB86F4 /* PBXTargetDependency */ = {
			isa = PBXTargetDependency;
			target = 81177FBB1AD9815700EB86F4 /* HelloiOSUI3_2 */;
			targetProxy = 81177FD61AD9815700EB86F4 /* PBXContainerItemProxy */;
		};
/* End PBXTargetDependency section */

/* Begin PBXVariantGroup section */
		81177FC91AD9815700EB86F4 /* Main.storyboard */ = {
			isa = PBXVariantGroup;
			children = (
				81177FCA1AD9815700EB86F4 /* Base */,
			);
			name = Main.storyboard;
			sourceTree = "<group>";
		};
		81177FCE1AD9815700EB86F4 /* LaunchScreen.xib */ = {
			isa = PBXVariantGroup;
			children = (
				81177FCF1AD9815700EB86F4 /* Base */,
			);
			name = LaunchScreen.xib;
			sourceTree = "<group>";
		};
/* End PBXVariantGroup section */

/* Begin XCBuildConfiguration section */
		81177FDD1AD9815700EB86F4 /* Debug */ = {
			isa = XCBuildConfiguration;
			buildSettings = {
				ALWAYS_SEARCH_USER_PATHS = NO;
				CLANG_CXX_LANGUAGE_STANDARD = "gnu++0x";
				CLANG_CXX_LIBRARY = "libc++";
				CLANG_ENABLE_MODULES = YES;
				CLANG_ENABLE_OBJC_ARC = YES;
				CLANG_WARN_BOOL_CONVERSION = YES;
				CLANG_WARN_CONSTANT_CONVERSION = YES;
				CLANG_WARN_DIRECT_OBJC_ISA_USAGE = YES_ERROR;
				CLANG_WARN_EMPTY_BODY = YES;
				CLANG_WARN_ENUM_CONVERSION = YES;
				CLANG_WARN_INT_CONVERSION = YES;
				CLANG_WARN_OBJC_ROOT_CLASS = YES_ERROR;
				CLANG_WARN_UNREACHABLE_CODE = YES;
				CLANG_WARN__DUPLICATE_METHOD_MATCH = YES;
				"CODE_SIGN_IDENTITY[sdk=iphoneos*]" = "iPhone Developer";
				COPY_PHASE_STRIP = NO;
				ENABLE_STRICT_OBJC_MSGSEND = YES;
				GCC_C_LANGUAGE_STANDARD = gnu99;
				GCC_DYNAMIC_NO_PIC = NO;
				GCC_OPTIMIZATION_LEVEL = 0;
				GCC_PREPROCESSOR_DEFINITIONS = (
					"DEBUG=1",
					"$(inherited)",
				);
				GCC_SYMBOLS_PRIVATE_EXTERN = NO;
				GCC_WARN_64_TO_32_BIT_CONVERSION = YES;
				GCC_WARN_ABOUT_RETURN_TYPE = YES_ERROR;
				GCC_WARN_UNDECLARED_SELECTOR = YES;
				GCC_WARN_UNINITIALIZED_AUTOS = YES_AGGRESSIVE;
				GCC_WARN_UNUSED_FUNCTION = YES;
				GCC_WARN_UNUSED_VARIABLE = YES;
				IPHONEOS_DEPLOYMENT_TARGET = 8.1;
				MTL_ENABLE_DEBUG_INFO = YES;
				ONLY_ACTIVE_ARCH = YES;
				SDKROOT = iphoneos;
			};
			name = Debug;
		};
		81177FDE1AD9815700EB86F4 /* Release */ = {
			isa = XCBuildConfiguration;
			buildSettings = {
				ALWAYS_SEARCH_USER_PATHS = NO;
				CLANG_CXX_LANGUAGE_STANDARD = "gnu++0x";
				CLANG_CXX_LIBRARY = "libc++";
				CLANG_ENABLE_MODULES = YES;
				CLANG_ENABLE_OBJC_ARC = YES;
				CLANG_WARN_BOOL_CONVERSION = YES;
				CLANG_WARN_CONSTANT_CONVERSION = YES;
				CLANG_WARN_DIRECT_OBJC_ISA_USAGE = YES_ERROR;
				CLANG_WARN_EMPTY_BODY = YES;
				CLANG_WARN_ENUM_CONVERSION = YES;
				CLANG_WARN_INT_CONVERSION = YES;
				CLANG_WARN_OBJC_ROOT_CLASS = YES_ERROR;
				CLANG_WARN_UNREACHABLE_CODE = YES;
				CLANG_WARN__DUPLICATE_METHOD_MATCH = YES;
				"CODE_SIGN_IDENTITY[sdk=iphoneos*]" = "iPhone Developer";
				COPY_PHASE_STRIP = YES;
				ENABLE_NS_ASSERTIONS = NO;
				ENABLE_STRICT_OBJC_MSGSEND = YES;
				GCC_C_LANGUAGE_STANDARD = gnu99;
				GCC_WARN_64_TO_32_BIT_CONVERSION = YES;
				GCC_WARN_ABOUT_RETURN_TYPE = YES_ERROR;
				GCC_WARN_UNDECLARED_SELECTOR = YES;
				GCC_WARN_UNINITIALIZED_AUTOS = YES_AGGRESSIVE;
				GCC_WARN_UNUSED_FUNCTION = YES;
				GCC_WARN_UNUSED_VARIABLE = YES;
				IPHONEOS_DEPLOYMENT_TARGET = 8.1;
				MTL_ENABLE_DEBUG_INFO = NO;
				SDKROOT = iphoneos;
				VALIDATE_PRODUCT = YES;
			};
			name = Release;
		};
		81177FE01AD9815700EB86F4 /* Debug */ = {
			isa = XCBuildConfiguration;
			buildSettings = {
				ASSETCATALOG_COMPILER_APPICON_NAME = AppIcon;
				INFOPLIST_FILE = HelloiOSUI3_2/Info.plist;
				LD_RUNPATH_SEARCH_PATHS = "$(inherited) @executable_path/Frameworks";
				PRODUCT_NAME = "$(TARGET_NAME)";
			};
			name = Debug;
		};
		81177FE11AD9815700EB86F4 /* Release */ = {
			isa = XCBuildConfiguration;
			buildSettings = {
				ASSETCATALOG_COMPILER_APPICON_NAME = AppIcon;
				INFOPLIST_FILE = HelloiOSUI3_2/Info.plist;
				LD_RUNPATH_SEARCH_PATHS = "$(inherited) @executable_path/Frameworks";
				PRODUCT_NAME = "$(TARGET_NAME)";
			};
			name = Release;
		};
		81177FE31AD9815700EB86F4 /* Debug */ = {
			isa = XCBuildConfiguration;
			buildSettings = {
				BUNDLE_LOADER = "$(TEST_HOST)";
				FRAMEWORK_SEARCH_PATHS = (
					"$(SDKROOT)/Developer/Library/Frameworks",
					"$(inherited)",
				);
				GCC_PREPROCESSOR_DEFINITIONS = (
					"DEBUG=1",
					"$(inherited)",
				);
				INFOPLIST_FILE = HelloiOSUI3_2Tests/Info.plist;
				LD_RUNPATH_SEARCH_PATHS = "$(inherited) @executable_path/Frameworks @loader_path/Frameworks";
				PRODUCT_NAME = "$(TARGET_NAME)";
				TEST_HOST = "$(BUILT_PRODUCTS_DIR)/HelloiOSUI3_2.app/HelloiOSUI3_2";
			};
			name = Debug;
		};
		81177FE41AD9815700EB86F4 /* Release */ = {
			isa = XCBuildConfiguration;
			buildSettings = {
				BUNDLE_LOADER = "$(TEST_HOST)";
				FRAMEWORK_SEARCH_PATHS = (
					"$(SDKROOT)/Developer/Library/Frameworks",
					"$(inherited)",
				);
				INFOPLIST_FILE = HelloiOSUI3_2Tests/Info.plist;
				LD_RUNPATH_SEARCH_PATHS = "$(inherited) @executable_path/Frameworks @loader_path/Frameworks";
				PRODUCT_NAME = "$(TARGET_NAME)";
				TEST_HOST = "$(BUILT_PRODUCTS_DIR)/HelloiOSUI3_2.app/HelloiOSUI3_2";
			};
			name = Release;
		};
/* End XCBuildConfiguration section */

/* Begin XCConfigurationList section */
		81177FB71AD9815700EB86F4 /* Build configuration list for PBXProject "HelloiOSUI3_2" */ = {
			isa = XCConfigurationList;
			buildConfigurations = (
				81177FDD1AD9815700EB86F4 /* Debug */,
				81177FDE1AD9815700EB86F4 /* Release */,
			);
			defaultConfigurationIsVisible = 0;
			defaultConfigurationName = Release;
		};
		81177FDF1AD9815700EB86F4 /* Build configuration list for PBXNativeTarget "HelloiOSUI3_2" */ = {
			isa = XCConfigurationList;
			buildConfigurations = (
				81177FE01AD9815700EB86F4 /* Debug */,
				81177FE11AD9815700EB86F4 /* Release */,
			);
			defaultConfigurationIsVisible = 0;
		};
		81177FE21AD9815700EB86F4 /* Build configuration list for PBXNativeTarget "HelloiOSUI3_2Tests" */ = {
			isa = XCConfigurationList;
			buildConfigurations = (
				81177FE31AD9815700EB86F4 /* Debug */,
				81177FE41AD9815700EB86F4 /* Release */,
			);
			defaultConfigurationIsVisible = 0;
		};
/* End XCConfigurationList section */
	};
	rootObject = 81177FB41AD9815700EB86F4 /* Project object */;
}
