// !$*UTF8*$!
{
	archiveVersion = 1;
	classes = {
	};
	objectVersion = 46;
	objects = {

/* Begin PBXBuildFile section */
		816166971ABDD17500DEF518 /* main.m in Sources */ = {isa = PBXBuildFile; fileRef = 816166961ABDD17500DEF518 /* main.m */; };
		8161669F1ABDD18800DEF518 /* Calculadora.m in Sources */ = {isa = PBXBuildFile; fileRef = 8161669E1ABDD18800DEF518 /* Calculadora.m */; };
		816166A51ABDD4A100DEF518 /* Calculadora+Math.m in Sources */ = {isa = PBXBuildFile; fileRef = 816166A41ABDD4A100DEF518 /* Calculadora+Math.m */; };
/* End PBXBuildFile section */

/* Begin PBXCopyFilesBuildPhase section */
		816166911ABDD17500DEF518 /* CopyFiles */ = {
			isa = PBXCopyFilesBuildPhase;
			buildActionMask = 2147483647;
			dstPath = /usr/share/man/man1/;
			dstSubfolderSpec = 0;
			files = (
			);
			runOnlyForDeploymentPostprocessing = 1;
		};
/* End PBXCopyFilesBuildPhase section */

/* Begin PBXFileReference section */
		816166931ABDD17500DEF518 /* Calculadora */ = {isa = PBXFileReference; explicitFileType = "compiled.mach-o.executable"; includeInIndex = 0; path = Calculadora; sourceTree = BUILT_PRODUCTS_DIR; };
		816166961ABDD17500DEF518 /* main.m */ = {isa = PBXFileReference; lastKnownFileType = sourcecode.c.objc; path = main.m; sourceTree = "<group>"; };
		8161669D1ABDD18800DEF518 /* Calculadora.h */ = {isa = PBXFileReference; fileEncoding = 4; lastKnownFileType = sourcecode.c.h; path = Calculadora.h; sourceTree = "<group>"; };
		8161669E1ABDD18800DEF518 /* Calculadora.m */ = {isa = PBXFileReference; fileEncoding = 4; lastKnownFileType = sourcecode.c.objc; path = Calculadora.m; sourceTree = "<group>"; };
		816166A31ABDD4A100DEF518 /* Calculadora+Math.h */ = {isa = PBXFileReference; fileEncoding = 4; lastKnownFileType = sourcecode.c.h; path = "Calculadora+Math.h"; sourceTree = "<group>"; };
		816166A41ABDD4A100DEF518 /* Calculadora+Math.m */ = {isa = PBXFileReference; fileEncoding = 4; lastKnownFileType = sourcecode.c.objc; path = "Calculadora+Math.m"; sourceTree = "<group>"; };
/* End PBXFileReference section */

/* Begin PBXFrameworksBuildPhase section */
		816166901ABDD17500DEF518 /* Frameworks */ = {
			isa = PBXFrameworksBuildPhase;
			buildActionMask = 2147483647;
			files = (
			);
			runOnlyForDeploymentPostprocessing = 0;
		};
/* End PBXFrameworksBuildPhase section */

/* Begin PBXGroup section */
		8161668A1ABDD17500DEF518 = {
			isa = PBXGroup;
			children = (
				816166951ABDD17500DEF518 /* Calculadora */,
				816166941ABDD17500DEF518 /* Products */,
			);
			sourceTree = "<group>";
		};
		816166941ABDD17500DEF518 /* Products */ = {
			isa = PBXGroup;
			children = (
				816166931ABDD17500DEF518 /* Calculadora */,
			);
			name = Products;
			sourceTree = "<group>";
		};
		816166951ABDD17500DEF518 /* Calculadora */ = {
			isa = PBXGroup;
			children = (
				816166961ABDD17500DEF518 /* main.m */,
				8161669D1ABDD18800DEF518 /* Calculadora.h */,
				8161669E1ABDD18800DEF518 /* Calculadora.m */,
				816166A31ABDD4A100DEF518 /* Calculadora+Math.h */,
				816166A41ABDD4A100DEF518 /* Calculadora+Math.m */,
			);
			path = Calculadora;
			sourceTree = "<group>";
		};
/* End PBXGroup section */

/* Begin PBXNativeTarget section */
		816166921ABDD17500DEF518 /* Calculadora */ = {
			isa = PBXNativeTarget;
			buildConfigurationList = 8161669A1ABDD17500DEF518 /* Build configuration list for PBXNativeTarget "Calculadora" */;
			buildPhases = (
				8161668F1ABDD17500DEF518 /* Sources */,
				816166901ABDD17500DEF518 /* Frameworks */,
				816166911ABDD17500DEF518 /* CopyFiles */,
			);
			buildRules = (
			);
			dependencies = (
			);
			name = Calculadora;
			productName = Calculadora;
			productReference = 816166931ABDD17500DEF518 /* Calculadora */;
			productType = "com.apple.product-type.tool";
		};
/* End PBXNativeTarget section */

/* Begin PBXProject section */
		8161668B1ABDD17500DEF518 /* Project object */ = {
			isa = PBXProject;
			attributes = {
				LastUpgradeCheck = 0610;
				ORGANIZATIONNAME = ios;
				TargetAttributes = {
					816166921ABDD17500DEF518 = {
						CreatedOnToolsVersion = 6.1;
					};
				};
			};
			buildConfigurationList = 8161668E1ABDD17500DEF518 /* Build configuration list for PBXProject "Calculadora" */;
			compatibilityVersion = "Xcode 3.2";
			developmentRegion = English;
			hasScannedForEncodings = 0;
			knownRegions = (
				en,
			);
			mainGroup = 8161668A1ABDD17500DEF518;
			productRefGroup = 816166941ABDD17500DEF518 /* Products */;
			projectDirPath = "";
			projectRoot = "";
			targets = (
				816166921ABDD17500DEF518 /* Calculadora */,
			);
		};
/* End PBXProject section */

/* Begin PBXSourcesBuildPhase section */
		8161668F1ABDD17500DEF518 /* Sources */ = {
			isa = PBXSourcesBuildPhase;
			buildActionMask = 2147483647;
			files = (
				816166971ABDD17500DEF518 /* main.m in Sources */,
				8161669F1ABDD18800DEF518 /* Calculadora.m in Sources */,
				816166A51ABDD4A100DEF518 /* Calculadora+Math.m in Sources */,
			);
			runOnlyForDeploymentPostprocessing = 0;
		};
/* End PBXSourcesBuildPhase section */

/* Begin XCBuildConfiguration section */
		816166981ABDD17500DEF518 /* Debug */ = {
			isa = XCBuildConfiguration;
			buildSettings = {
				ALWAYS_SEARCH_USER_PATHS = NO;
				CLANG_CXX_LANGUAGE_STANDARD = "gnu++0x";
				CLANG_CXX_LIBRARY = "libc++";
				CLANG_ENABLE_MODULES = YES;
				CLANG_ENABLE_OBJC_ARC = YES;
				CLANG_WARN_BOOL_CONVERSION = YES;
				CLANG_WARN_CONSTANT_CONVERSION = YES;
				CLANG_WARN_DIRECT_OBJC_ISA_USAGE = YES_ERROR;
				CLANG_WARN_EMPTY_BODY = YES;
				CLANG_WARN_ENUM_CONVERSION = YES;
				CLANG_WARN_INT_CONVERSION = YES;
				CLANG_WARN_OBJC_ROOT_CLASS = YES_ERROR;
				CLANG_WARN_UNREACHABLE_CODE = YES;
				CLANG_WARN__DUPLICATE_METHOD_MATCH = YES;
				COPY_PHASE_STRIP = NO;
				ENABLE_STRICT_OBJC_MSGSEND = YES;
				GCC_C_LANGUAGE_STANDARD = gnu99;
				GCC_DYNAMIC_NO_PIC = NO;
				GCC_OPTIMIZATION_LEVEL = 0;
				GCC_PREPROCESSOR_DEFINITIONS = (
					"DEBUG=1",
					"$(inherited)",
				);
				GCC_SYMBOLS_PRIVATE_EXTERN = NO;
				GCC_WARN_64_TO_32_BIT_CONVERSION = YES;
				GCC_WARN_ABOUT_RETURN_TYPE = YES_ERROR;
				GCC_WARN_UNDECLARED_SELECTOR = YES;
				GCC_WARN_UNINITIALIZED_AUTOS = YES_AGGRESSIVE;
				GCC_WARN_UNUSED_FUNCTION = YES;
				GCC_WARN_UNUSED_VARIABLE = YES;
				MACOSX_DEPLOYMENT_TARGET = 10.10;
				MTL_ENABLE_DEBUG_INFO = YES;
				ONLY_ACTIVE_ARCH = YES;
				SDKROOT = macosx;
			};
			name = Debug;
		};
		816166991ABDD17500DEF518 /* Release */ = {
			isa = XCBuildConfiguration;
			buildSettings = {
				ALWAYS_SEARCH_USER_PATHS = NO;
				CLANG_CXX_LANGUAGE_STANDARD = "gnu++0x";
				CLANG_CXX_LIBRARY = "libc++";
				CLANG_ENABLE_MODULES = YES;
				CLANG_ENABLE_OBJC_ARC = YES;
				CLANG_WARN_BOOL_CONVERSION = YES;
				CLANG_WARN_CONSTANT_CONVERSION = YES;
				CLANG_WARN_DIRECT_OBJC_ISA_USAGE = YES_ERROR;
				CLANG_WARN_EMPTY_BODY = YES;
				CLANG_WARN_ENUM_CONVERSION = YES;
				CLANG_WARN_INT_CONVERSION = YES;
				CLANG_WARN_OBJC_ROOT_CLASS = YES_ERROR;
				CLANG_WARN_UNREACHABLE_CODE = YES;
				CLANG_WARN__DUPLICATE_METHOD_MATCH = YES;
				COPY_PHASE_STRIP = YES;
				DEBUG_INFORMATION_FORMAT = "dwarf-with-dsym";
				ENABLE_NS_ASSERTIONS = NO;
				ENABLE_STRICT_OBJC_MSGSEND = YES;
				GCC_C_LANGUAGE_STANDARD = gnu99;
				GCC_WARN_64_TO_32_BIT_CONVERSION = YES;
				GCC_WARN_ABOUT_RETURN_TYPE = YES_ERROR;
				GCC_WARN_UNDECLARED_SELECTOR = YES;
				GCC_WARN_UNINITIALIZED_AUTOS = YES_AGGRESSIVE;
				GCC_WARN_UNUSED_FUNCTION = YES;
				GCC_WARN_UNUSED_VARIABLE = YES;
				MACOSX_DEPLOYMENT_TARGET = 10.10;
				MTL_ENABLE_DEBUG_INFO = NO;
				SDKROOT = macosx;
			};
			name = Release;
		};
		8161669B1ABDD17500DEF518 /* Debug */ = {
			isa = XCBuildConfiguration;
			buildSettings = {
				PRODUCT_NAME = "$(TARGET_NAME)";
			};
			name = Debug;
		};
		8161669C1ABDD17500DEF518 /* Release */ = {
			isa = XCBuildConfiguration;
			buildSettings = {
				PRODUCT_NAME = "$(TARGET_NAME)";
			};
			name = Release;
		};
/* End XCBuildConfiguration section */

/* Begin XCConfigurationList section */
		8161668E1ABDD17500DEF518 /* Build configuration list for PBXProject "Calculadora" */ = {
			isa = XCConfigurationList;
			buildConfigurations = (
				816166981ABDD17500DEF518 /* Debug */,
				816166991ABDD17500DEF518 /* Release */,
			);
			defaultConfigurationIsVisible = 0;
			defaultConfigurationName = Release;
		};
		8161669A1ABDD17500DEF518 /* Build configuration list for PBXNativeTarget "Calculadora" */ = {
			isa = XCConfigurationList;
			buildConfigurations = (
				8161669B1ABDD17500DEF518 /* Debug */,
				8161669C1ABDD17500DEF518 /* Release */,
			);
			defaultConfigurationIsVisible = 0;
		};
/* End XCConfigurationList section */
	};
	rootObject = 8161668B1ABDD17500DEF518 /* Project object */;
}
